// !$*UTF8*$!
{
	archiveVersion = 1;
	classes = {
	};
	objectVersion = 54;
	objects = {

/* Begin PBXBuildFile section */
		2213838627BCB3DE00D4BFA0 /* AcuationLog+CoreDataProperties.swift in Sources */ = {isa = PBXBuildFile; fileRef = 2213838427BCB3DD00D4BFA0 /* AcuationLog+CoreDataProperties.swift */; };
		2213838727BCB3DE00D4BFA0 /* AcuationLog+CoreDataClass.swift in Sources */ = {isa = PBXBuildFile; fileRef = 2213838527BCB3DE00D4BFA0 /* AcuationLog+CoreDataClass.swift */; };
		221B3C1D27CCAADD00A3AFD6 /* ProfileVM.swift in Sources */ = {isa = PBXBuildFile; fileRef = 221B3C1C27CCAADD00A3AFD6 /* ProfileVM.swift */; };
		221B3C1F27CCAC4600A3AFD6 /* ProfileModel.swift in Sources */ = {isa = PBXBuildFile; fileRef = 221B3C1E27CCAC4600A3AFD6 /* ProfileModel.swift */; };
		224E1C982797F53A000C5D1A /* ManageDeviceCell.swift in Sources */ = {isa = PBXBuildFile; fileRef = 224E1C962797F53A000C5D1A /* ManageDeviceCell.swift */; };
		224E1C992797F53A000C5D1A /* ManageDeviceCell.xib in Resources */ = {isa = PBXBuildFile; fileRef = 224E1C972797F53A000C5D1A /* ManageDeviceCell.xib */; };
		224E1C9D27981AB7000C5D1A /* HomeDeviceCell.swift in Sources */ = {isa = PBXBuildFile; fileRef = 224E1C9B27981AB7000C5D1A /* HomeDeviceCell.swift */; };
		224E1C9E27981AB7000C5D1A /* HomeDeviceCell.xib in Resources */ = {isa = PBXBuildFile; fileRef = 224E1C9C27981AB7000C5D1A /* HomeDeviceCell.xib */; };
		224E1CA227983816000C5D1A /* SFProDisplay-LightItalic.ttf in Resources */ = {isa = PBXBuildFile; fileRef = 224E1CA127983816000C5D1A /* SFProDisplay-LightItalic.ttf */; };
		224E1CA427983A66000C5D1A /* SFProDisplay-Light.ttf in Resources */ = {isa = PBXBuildFile; fileRef = 224E1CA327983A65000C5D1A /* SFProDisplay-Light.ttf */; };
		2257007027A2AE4A009B6415 /* NotificationManager.swift in Sources */ = {isa = PBXBuildFile; fileRef = 2257006F27A2AE4A009B6415 /* NotificationManager.swift */; };
		225F315A27D0A1F10059566E /* ReminderManager.swift in Sources */ = {isa = PBXBuildFile; fileRef = 225F315927D0A1F10059566E /* ReminderManager.swift */; };
		22609D782799236700B38CF4 /* HomeGraphCell.swift in Sources */ = {isa = PBXBuildFile; fileRef = 22609D762799236700B38CF4 /* HomeGraphCell.swift */; };
		22609D792799236700B38CF4 /* HomeGraphCell.xib in Resources */ = {isa = PBXBuildFile; fileRef = 22609D772799236700B38CF4 /* HomeGraphCell.xib */; };
		22609D7C279925B200B38CF4 /* GraphCell.swift in Sources */ = {isa = PBXBuildFile; fileRef = 22609D7A279925B200B38CF4 /* GraphCell.swift */; };
		22609D7D279925B200B38CF4 /* GraphCell.xib in Resources */ = {isa = PBXBuildFile; fileRef = 22609D7B279925B200B38CF4 /* GraphCell.xib */; };
		2261AA012796CCE8000D5CE1 /* CancleBluetoothPermissionVC.swift in Sources */ = {isa = PBXBuildFile; fileRef = 2261AA002796CCE8000D5CE1 /* CancleBluetoothPermissionVC.swift */; };
		2261AA042796F15D000D5CE1 /* PrivacyPolicyVC.swift in Sources */ = {isa = PBXBuildFile; fileRef = 2261AA032796F15D000D5CE1 /* PrivacyPolicyVC.swift */; };
		227197BA278FF09A0014BC3E /* CustomSplashVC.swift in Sources */ = {isa = PBXBuildFile; fileRef = 227197B9278FF09A0014BC3E /* CustomSplashVC.swift */; };
		227197BD278FF9DB0014BC3E /* CreateAccoutVC.swift in Sources */ = {isa = PBXBuildFile; fileRef = 227197BC278FF9DB0014BC3E /* CreateAccoutVC.swift */; };
		227197C0278FFFA20014BC3E /* ConnectProviderVC.swift in Sources */ = {isa = PBXBuildFile; fileRef = 227197BF278FFFA20014BC3E /* ConnectProviderVC.swift */; };
		227197C8279024AF0014BC3E /* LocationPermisionVC.swift in Sources */ = {isa = PBXBuildFile; fileRef = 227197C7279024AF0014BC3E /* LocationPermisionVC.swift */; };
		227197CB27902AD80014BC3E /* NotificationPermissionVC.swift in Sources */ = {isa = PBXBuildFile; fileRef = 227197CA27902AD80014BC3E /* NotificationPermissionVC.swift */; };
		227197CE27902CAE0014BC3E /* OchsnerCloudPermissionVC.swift in Sources */ = {isa = PBXBuildFile; fileRef = 227197CD27902CAE0014BC3E /* OchsnerCloudPermissionVC.swift */; };
		227CD4DF27A3EBFF0005C3D9 /* BLEHelper.swift in Sources */ = {isa = PBXBuildFile; fileRef = 227CD4DE27A3EBFF0005C3D9 /* BLEHelper.swift */; };
		227CD4E127A3EC540005C3D9 /* TransferService.swift in Sources */ = {isa = PBXBuildFile; fileRef = 227CD4E027A3EC540005C3D9 /* TransferService.swift */; };
		228B155727BFD93900B4527F /* Device+CoreDataProperties.swift in Sources */ = {isa = PBXBuildFile; fileRef = 228B155527BFD93900B4527F /* Device+CoreDataProperties.swift */; };
		228B155827BFD93900B4527F /* Device+CoreDataClass.swift in Sources */ = {isa = PBXBuildFile; fileRef = 228B155627BFD93900B4527F /* Device+CoreDataClass.swift */; };
		2296C33A27B248040095CBFA /* TemporaryDashbord.swift in Sources */ = {isa = PBXBuildFile; fileRef = 2296C33827B248040095CBFA /* TemporaryDashbord.swift */; };
		2296C33B27B248040095CBFA /* TemporaryDashbord.xib in Resources */ = {isa = PBXBuildFile; fileRef = 2296C33927B248040095CBFA /* TemporaryDashbord.xib */; };
		2296C33E27B2621E0095CBFA /* TemoDashboardCell.swift in Sources */ = {isa = PBXBuildFile; fileRef = 2296C33C27B2621E0095CBFA /* TemoDashboardCell.swift */; };
		2296C33F27B2621E0095CBFA /* TemoDashboardCell.xib in Resources */ = {isa = PBXBuildFile; fileRef = 2296C33D27B2621E0095CBFA /* TemoDashboardCell.xib */; };
		22AE96EA278E9F1E00C0D851 /* LoginVC.swift in Sources */ = {isa = PBXBuildFile; fileRef = 22AE96E9278E9F1E00C0D851 /* LoginVC.swift */; };
		22AE96ED278E9F8500C0D851 /* BaseVC.swift in Sources */ = {isa = PBXBuildFile; fileRef = 22AE96EC278E9F8500C0D851 /* BaseVC.swift */; };
		22AE96F1278EA37F00C0D851 /* HomeVC.swift in Sources */ = {isa = PBXBuildFile; fileRef = 22AE96F0278EA37F00C0D851 /* HomeVC.swift */; };
		22AE96F5278EA5D700C0D851 /* ProviderListVC.swift in Sources */ = {isa = PBXBuildFile; fileRef = 22AE96F4278EA5D700C0D851 /* ProviderListVC.swift */; };
		22AE96F9278EA68900C0D851 /* BluetoothPermissionVC.swift in Sources */ = {isa = PBXBuildFile; fileRef = 22AE96F8278EA68900C0D851 /* BluetoothPermissionVC.swift */; };
		22AE96FD278EAA0B00C0D851 /* ManageDeviceVC.swift in Sources */ = {isa = PBXBuildFile; fileRef = 22AE96FC278EAA0B00C0D851 /* ManageDeviceVC.swift */; };
		22AE9701278EAA8D00C0D851 /* ProfileVC.swift in Sources */ = {isa = PBXBuildFile; fileRef = 22AE9700278EAA8D00C0D851 /* ProfileVC.swift */; };
		22AE970D278EDAFB00C0D851 /* StringsContants.swift in Sources */ = {isa = PBXBuildFile; fileRef = 22AE970C278EDAFB00C0D851 /* StringsContants.swift */; };
		22CA52A627C34D9E0031BDE7 /* HomeVM.swift in Sources */ = {isa = PBXBuildFile; fileRef = 22CA52A527C34D9E0031BDE7 /* HomeVM.swift */; };
		22CA52A827C34EF50031BDE7 /* DashboardModel.swift in Sources */ = {isa = PBXBuildFile; fileRef = 22CA52A727C34EF50031BDE7 /* DashboardModel.swift */; };
		22FC2E0627B767C700ABE886 /* ProviderListVM.swift in Sources */ = {isa = PBXBuildFile; fileRef = 22FC2E0527B767C700ABE886 /* ProviderListVM.swift */; };
		22FC2E0827B76D2700ABE886 /* ProviderModel.swift in Sources */ = {isa = PBXBuildFile; fileRef = 22FC2E0727B76D2700ABE886 /* ProviderModel.swift */; };
		22FCEA6227C4AA8700A91A6A /* dashboard_response.json in Resources */ = {isa = PBXBuildFile; fileRef = 22FCEA6127C4AA8700A91A6A /* dashboard_response.json */; };
		470E4FE527C7744100F8C815 /* SF-Pro-Display-BoldItalic.otf in Resources */ = {isa = PBXBuildFile; fileRef = 470E4FE427C7744100F8C815 /* SF-Pro-Display-BoldItalic.otf */; };
		4710234A2796737B00F88876 /* SFProDisplay-Bold.ttf in Resources */ = {isa = PBXBuildFile; fileRef = 471023472796737B00F88876 /* SFProDisplay-Bold.ttf */; };
		4710234B2796737B00F88876 /* SFProText-Regular.ttf in Resources */ = {isa = PBXBuildFile; fileRef = 471023482796737B00F88876 /* SFProText-Regular.ttf */; };
		4710234C2796737B00F88876 /* SFProText-Semibold.ttf in Resources */ = {isa = PBXBuildFile; fileRef = 471023492796737B00F88876 /* SFProText-Semibold.ttf */; };
		4710234E2796BDBD00F88876 /* MedicationVC.swift in Sources */ = {isa = PBXBuildFile; fileRef = 4710234D2796BDBD00F88876 /* MedicationVC.swift */; };
		471023502796CA8500F88876 /* SFProText-Bold.ttf in Resources */ = {isa = PBXBuildFile; fileRef = 4710234F2796CA8500F88876 /* SFProText-Bold.ttf */; };
		471023532796CFA400F88876 /* MedicationCell.swift in Sources */ = {isa = PBXBuildFile; fileRef = 471023522796CFA400F88876 /* MedicationCell.swift */; };
		4711F91227AA536E00AD063F /* BLECentralManagerDelegate.swift in Sources */ = {isa = PBXBuildFile; fileRef = 4711F91127AA536E00AD063F /* BLECentralManagerDelegate.swift */; };
		4711F91427AA55E000AD063F /* BLEPeripheralDelegate.swift in Sources */ = {isa = PBXBuildFile; fileRef = 4711F91327AA55E000AD063F /* BLEPeripheralDelegate.swift */; };
		4722F4732799148700F505D2 /* ChangePasswordVC.swift in Sources */ = {isa = PBXBuildFile; fileRef = 4722F4722799148700F505D2 /* ChangePasswordVC.swift */; };
		4722F47927994C3E00F505D2 /* UpdateProfileVC.swift in Sources */ = {isa = PBXBuildFile; fileRef = 4722F47827994C3E00F505D2 /* UpdateProfileVC.swift */; };
		4725F2052797CA4B00BBDA28 /* MedicationDetailVC.swift in Sources */ = {isa = PBXBuildFile; fileRef = 4725F2042797CA4B00BBDA28 /* MedicationDetailVC.swift */; };
		4725F2082797D5CE00BBDA28 /* DoseTimeCell.swift in Sources */ = {isa = PBXBuildFile; fileRef = 4725F2072797D5CE00BBDA28 /* DoseTimeCell.swift */; };
		4725F20C2797EC4F00BBDA28 /* Int+Extension.swift in Sources */ = {isa = PBXBuildFile; fileRef = 4725F20B2797EC4F00BBDA28 /* Int+Extension.swift */; };
		4725F20E2797FE4300BBDA28 /* AddAnotherDeviceVC.swift in Sources */ = {isa = PBXBuildFile; fileRef = 4725F20D2797FE4300BBDA28 /* AddAnotherDeviceVC.swift */; };
		4725F2112798093000BBDA28 /* BLEDeviceCell.swift in Sources */ = {isa = PBXBuildFile; fileRef = 4725F2102798093000BBDA28 /* BLEDeviceCell.swift */; };
		4725F21327981BBC00BBDA28 /* NMDatePicker.swift in Sources */ = {isa = PBXBuildFile; fileRef = 4725F21227981BBC00BBDA28 /* NMDatePicker.swift */; };
		4728C9DD27A7BED50057F8E5 /* MedicationVM.swift in Sources */ = {isa = PBXBuildFile; fileRef = 4728C9DC27A7BED50057F8E5 /* MedicationVM.swift */; };
		4728C9DF27A7BF5D0057F8E5 /* MedicationModel.swift in Sources */ = {isa = PBXBuildFile; fileRef = 4728C9DE27A7BF5D0057F8E5 /* MedicationModel.swift */; };
		472DC2442795328D008E0060 /* ProviderCell.swift in Sources */ = {isa = PBXBuildFile; fileRef = 472DC2432795328D008E0060 /* ProviderCell.swift */; };
		472F643A279FE15400E37FB1 /* CreateAccountVM.swift in Sources */ = {isa = PBXBuildFile; fileRef = 472F6439279FE15400E37FB1 /* CreateAccountVM.swift */; };
		472F643C279FF46400E37FB1 /* CommonFunction.swift in Sources */ = {isa = PBXBuildFile; fileRef = 472F643B279FF46400E37FB1 /* CommonFunction.swift */; };
		4733205027A8EEC100695661 /* BLECommunication.swift in Sources */ = {isa = PBXBuildFile; fileRef = 4733204F27A8EEC100695661 /* BLECommunication.swift */; };
		4743B7CD27B527950000C3E8 /* OchsnerDB.xcdatamodeld in Sources */ = {isa = PBXBuildFile; fileRef = 4743B7CB27B527950000C3E8 /* OchsnerDB.xcdatamodeld */; };
		4743B7D327B529CE0000C3E8 /* CoreData.framework in Frameworks */ = {isa = PBXBuildFile; fileRef = 4743B7D227B529CE0000C3E8 /* CoreData.framework */; };
		4743B7D527B52A480000C3E8 /* DatabaseHelper.swift in Sources */ = {isa = PBXBuildFile; fileRef = 4743B7D427B52A480000C3E8 /* DatabaseHelper.swift */; };
		47C1FEE327957215007C6F16 /* ProviderVC.swift in Sources */ = {isa = PBXBuildFile; fileRef = 47C1FEE227957215007C6F16 /* ProviderVC.swift */; };
		47C1FEE927958F1A007C6F16 /* AddDeviceIntroVC.swift in Sources */ = {isa = PBXBuildFile; fileRef = 47C1FEE827958F1A007C6F16 /* AddDeviceIntroVC.swift */; };
		47C1FEEB27958F34007C6F16 /* AddDevice.storyboard in Resources */ = {isa = PBXBuildFile; fileRef = 47C1FEEA27958F34007C6F16 /* AddDevice.storyboard */; };
		47CDCE12278D872F0014527D /* AppDelegate.swift in Sources */ = {isa = PBXBuildFile; fileRef = 47CDCE11278D872F0014527D /* AppDelegate.swift */; };
		47CDCE14278D872F0014527D /* SceneDelegate.swift in Sources */ = {isa = PBXBuildFile; fileRef = 47CDCE13278D872F0014527D /* SceneDelegate.swift */; };
		47CDCE19278D872F0014527D /* Main.storyboard in Resources */ = {isa = PBXBuildFile; fileRef = 47CDCE17278D872F0014527D /* Main.storyboard */; };
		47CDCE1B278D87300014527D /* Assets.xcassets in Resources */ = {isa = PBXBuildFile; fileRef = 47CDCE1A278D87300014527D /* Assets.xcassets */; };
		47CDCE1E278D87300014527D /* LaunchScreen.storyboard in Resources */ = {isa = PBXBuildFile; fileRef = 47CDCE1C278D87300014527D /* LaunchScreen.storyboard */; };
		47CDCE49278D88FE0014527D /* ResultType.swift in Sources */ = {isa = PBXBuildFile; fileRef = 47CDCE2B278D88FE0014527D /* ResultType.swift */; };
		47CDCE4B278D88FE0014527D /* Logger.swift in Sources */ = {isa = PBXBuildFile; fileRef = 47CDCE2F278D88FE0014527D /* Logger.swift */; };
		47CDCE59278D88FE0014527D /* Utils.swift in Sources */ = {isa = PBXBuildFile; fileRef = 47CDCE3F278D88FE0014527D /* Utils.swift */; };
		47CDCE5A278D88FE0014527D /* LocationManager.swift in Sources */ = {isa = PBXBuildFile; fileRef = 47CDCE41278D88FE0014527D /* LocationManager.swift */; };
		47CDCE77278D89210014527D /* Constants.swift in Sources */ = {isa = PBXBuildFile; fileRef = 47CDCE5F278D89210014527D /* Constants.swift */; };
		47CDCE79278D89210014527D /* MobileDeviceManager.swift in Sources */ = {isa = PBXBuildFile; fileRef = 47CDCE61278D89210014527D /* MobileDeviceManager.swift */; };
		47CDCE7A278D89210014527D /* NetworkManager.swift in Sources */ = {isa = PBXBuildFile; fileRef = 47CDCE62278D89210014527D /* NetworkManager.swift */; };
		47CDCE7B278D89210014527D /* UIImageView+Extension.swift in Sources */ = {isa = PBXBuildFile; fileRef = 47CDCE64278D89210014527D /* UIImageView+Extension.swift */; };
		47CDCE7C278D89210014527D /* UIColor+Extension.swift in Sources */ = {isa = PBXBuildFile; fileRef = 47CDCE65278D89210014527D /* UIColor+Extension.swift */; };
		47CDCE7D278D89210014527D /* UILabel+Extension.swift in Sources */ = {isa = PBXBuildFile; fileRef = 47CDCE66278D89210014527D /* UILabel+Extension.swift */; };
		47CDCE7E278D89210014527D /* DateTime+Extension.swift in Sources */ = {isa = PBXBuildFile; fileRef = 47CDCE67278D89210014527D /* DateTime+Extension.swift */; };
		47CDCE7F278D89210014527D /* UIButton+Extension.swift in Sources */ = {isa = PBXBuildFile; fileRef = 47CDCE68278D89210014527D /* UIButton+Extension.swift */; };
		47CDCE80278D89210014527D /* UIView+Extension.swift in Sources */ = {isa = PBXBuildFile; fileRef = 47CDCE69278D89210014527D /* UIView+Extension.swift */; };
		47CDCE81278D89210014527D /* UIAlertController+Extensions.swift in Sources */ = {isa = PBXBuildFile; fileRef = 47CDCE6A278D89210014527D /* UIAlertController+Extensions.swift */; };
		47CDCE82278D89210014527D /* UIViewController+Extension.swift in Sources */ = {isa = PBXBuildFile; fileRef = 47CDCE6B278D89210014527D /* UIViewController+Extension.swift */; };
		47CDCE83278D89210014527D /* Device+Extension.swift in Sources */ = {isa = PBXBuildFile; fileRef = 47CDCE6C278D89210014527D /* Device+Extension.swift */; };
		47CDCE84278D89210014527D /* String.swift in Sources */ = {isa = PBXBuildFile; fileRef = 47CDCE6D278D89210014527D /* String.swift */; };
		47CDCE85278D89210014527D /* UIApplication.swift in Sources */ = {isa = PBXBuildFile; fileRef = 47CDCE6E278D89210014527D /* UIApplication.swift */; };
		47CDCE86278D89210014527D /* UITableView+Extension.swift in Sources */ = {isa = PBXBuildFile; fileRef = 47CDCE6F278D89210014527D /* UITableView+Extension.swift */; };
		47CDCE87278D89210014527D /* UITextField+Extensions.swift in Sources */ = {isa = PBXBuildFile; fileRef = 47CDCE70278D89210014527D /* UITextField+Extensions.swift */; };
		47CDCE88278D89210014527D /* LogFormatter.swift in Sources */ = {isa = PBXBuildFile; fileRef = 47CDCE71278D89210014527D /* LogFormatter.swift */; };
		47CDCE89278D89210014527D /* GlobalStoryboards.swift in Sources */ = {isa = PBXBuildFile; fileRef = 47CDCE72278D89210014527D /* GlobalStoryboards.swift */; };
		47CDCE8A278D89210014527D /* Dispatch.swift in Sources */ = {isa = PBXBuildFile; fileRef = 47CDCE73278D89210014527D /* Dispatch.swift */; };
		47CDCE8D278D89210014527D /* Validators.swift in Sources */ = {isa = PBXBuildFile; fileRef = 47CDCE76278D89210014527D /* Validators.swift */; };
		47CDCE92278D89C30014527D /* APIConstants.swift in Sources */ = {isa = PBXBuildFile; fileRef = 47CDCE8F278D89C30014527D /* APIConstants.swift */; };
		47CDCE93278D89C30014527D /* APIManager.swift in Sources */ = {isa = PBXBuildFile; fileRef = 47CDCE90278D89C30014527D /* APIManager.swift */; };
		47CDCE94278D89C30014527D /* APIRouter.swift in Sources */ = {isa = PBXBuildFile; fileRef = 47CDCE91278D89C30014527D /* APIRouter.swift */; };
		47CDCE96278D95290014527D /* UserDefaultManager.swift in Sources */ = {isa = PBXBuildFile; fileRef = 47CDCE95278D95290014527D /* UserDefaultManager.swift */; };
		47CDCE99278DA8040014527D /* UserManagement.storyboard in Resources */ = {isa = PBXBuildFile; fileRef = 47CDCE98278DA8040014527D /* UserManagement.storyboard */; };
		47CDCE9B278DA8570014527D /* Providers.storyboard in Resources */ = {isa = PBXBuildFile; fileRef = 47CDCE9A278DA8570014527D /* Providers.storyboard */; };
		47CDCE9D278DA8820014527D /* Permissions.storyboard in Resources */ = {isa = PBXBuildFile; fileRef = 47CDCE9C278DA8820014527D /* Permissions.storyboard */; };
		47CDCE9F278DA8A00014527D /* DeviceList.storyboard in Resources */ = {isa = PBXBuildFile; fileRef = 47CDCE9E278DA8A00014527D /* DeviceList.storyboard */; };
		47CDCEA1278DA8C10014527D /* Profile.storyboard in Resources */ = {isa = PBXBuildFile; fileRef = 47CDCEA0278DA8C10014527D /* Profile.storyboard */; };
		47CDCEA3278DA9470014527D /* UserModel.swift in Sources */ = {isa = PBXBuildFile; fileRef = 47CDCEA2278DA9470014527D /* UserModel.swift */; };
		47E1662627BBB843004A2006 /* ManageDeviceVM.swift in Sources */ = {isa = PBXBuildFile; fileRef = 47E1662527BBB843004A2006 /* ManageDeviceVM.swift */; };
		47E1662827BBB857004A2006 /* DeviceModel.swift in Sources */ = {isa = PBXBuildFile; fileRef = 47E1662727BBB857004A2006 /* DeviceModel.swift */; };
		47FA0E7427A25AB100F4A7C8 /* LoginVM.swift in Sources */ = {isa = PBXBuildFile; fileRef = 47FA0E7327A25AB100F4A7C8 /* LoginVM.swift */; };
		F35678A225D81FED6005228C /* Pods_OchsnerInhalerApp.framework in Frameworks */ = {isa = PBXBuildFile; fileRef = 0537F0FE35FEA6D61EF817F4 /* Pods_OchsnerInhalerApp.framework */; };
/* End PBXBuildFile section */

/* Begin PBXFileReference section */
		0537F0FE35FEA6D61EF817F4 /* Pods_OchsnerInhalerApp.framework */ = {isa = PBXFileReference; explicitFileType = wrapper.framework; includeInIndex = 0; path = Pods_OchsnerInhalerApp.framework; sourceTree = BUILT_PRODUCTS_DIR; };
		212586064C4682A1CC8CF618 /* Pods-OchsnerInhalerApp.debug.xcconfig */ = {isa = PBXFileReference; includeInIndex = 1; lastKnownFileType = text.xcconfig; name = "Pods-OchsnerInhalerApp.debug.xcconfig"; path = "Target Support Files/Pods-OchsnerInhalerApp/Pods-OchsnerInhalerApp.debug.xcconfig"; sourceTree = "<group>"; };
		2213838427BCB3DD00D4BFA0 /* AcuationLog+CoreDataProperties.swift */ = {isa = PBXFileReference; fileEncoding = 4; lastKnownFileType = sourcecode.swift; path = "AcuationLog+CoreDataProperties.swift"; sourceTree = "<group>"; };
		2213838527BCB3DE00D4BFA0 /* AcuationLog+CoreDataClass.swift */ = {isa = PBXFileReference; fileEncoding = 4; lastKnownFileType = sourcecode.swift; path = "AcuationLog+CoreDataClass.swift"; sourceTree = "<group>"; };
		221B3C1C27CCAADD00A3AFD6 /* ProfileVM.swift */ = {isa = PBXFileReference; lastKnownFileType = sourcecode.swift; path = ProfileVM.swift; sourceTree = "<group>"; };
		221B3C1E27CCAC4600A3AFD6 /* ProfileModel.swift */ = {isa = PBXFileReference; lastKnownFileType = sourcecode.swift; path = ProfileModel.swift; sourceTree = "<group>"; };
		224E1C962797F53A000C5D1A /* ManageDeviceCell.swift */ = {isa = PBXFileReference; lastKnownFileType = sourcecode.swift; path = ManageDeviceCell.swift; sourceTree = "<group>"; };
		224E1C972797F53A000C5D1A /* ManageDeviceCell.xib */ = {isa = PBXFileReference; lastKnownFileType = file.xib; path = ManageDeviceCell.xib; sourceTree = "<group>"; };
		224E1C9B27981AB7000C5D1A /* HomeDeviceCell.swift */ = {isa = PBXFileReference; lastKnownFileType = sourcecode.swift; path = HomeDeviceCell.swift; sourceTree = "<group>"; };
		224E1C9C27981AB7000C5D1A /* HomeDeviceCell.xib */ = {isa = PBXFileReference; lastKnownFileType = file.xib; path = HomeDeviceCell.xib; sourceTree = "<group>"; };
		224E1CA127983816000C5D1A /* SFProDisplay-LightItalic.ttf */ = {isa = PBXFileReference; lastKnownFileType = file; path = "SFProDisplay-LightItalic.ttf"; sourceTree = "<group>"; };
		224E1CA327983A65000C5D1A /* SFProDisplay-Light.ttf */ = {isa = PBXFileReference; lastKnownFileType = file; path = "SFProDisplay-Light.ttf"; sourceTree = "<group>"; };
		2257006F27A2AE4A009B6415 /* NotificationManager.swift */ = {isa = PBXFileReference; fileEncoding = 4; lastKnownFileType = sourcecode.swift; path = NotificationManager.swift; sourceTree = "<group>"; };
		225F315927D0A1F10059566E /* ReminderManager.swift */ = {isa = PBXFileReference; lastKnownFileType = sourcecode.swift; path = ReminderManager.swift; sourceTree = "<group>"; };
		22609D762799236700B38CF4 /* HomeGraphCell.swift */ = {isa = PBXFileReference; lastKnownFileType = sourcecode.swift; path = HomeGraphCell.swift; sourceTree = "<group>"; };
		22609D772799236700B38CF4 /* HomeGraphCell.xib */ = {isa = PBXFileReference; lastKnownFileType = file.xib; path = HomeGraphCell.xib; sourceTree = "<group>"; };
		22609D7A279925B200B38CF4 /* GraphCell.swift */ = {isa = PBXFileReference; lastKnownFileType = sourcecode.swift; path = GraphCell.swift; sourceTree = "<group>"; };
		22609D7B279925B200B38CF4 /* GraphCell.xib */ = {isa = PBXFileReference; lastKnownFileType = file.xib; path = GraphCell.xib; sourceTree = "<group>"; };
		2261AA002796CCE8000D5CE1 /* CancleBluetoothPermissionVC.swift */ = {isa = PBXFileReference; lastKnownFileType = sourcecode.swift; path = CancleBluetoothPermissionVC.swift; sourceTree = "<group>"; };
		2261AA032796F15D000D5CE1 /* PrivacyPolicyVC.swift */ = {isa = PBXFileReference; lastKnownFileType = sourcecode.swift; path = PrivacyPolicyVC.swift; sourceTree = "<group>"; };
		227197B9278FF09A0014BC3E /* CustomSplashVC.swift */ = {isa = PBXFileReference; lastKnownFileType = sourcecode.swift; path = CustomSplashVC.swift; sourceTree = "<group>"; };
		227197BC278FF9DB0014BC3E /* CreateAccoutVC.swift */ = {isa = PBXFileReference; lastKnownFileType = sourcecode.swift; path = CreateAccoutVC.swift; sourceTree = "<group>"; };
		227197BF278FFFA20014BC3E /* ConnectProviderVC.swift */ = {isa = PBXFileReference; lastKnownFileType = sourcecode.swift; path = ConnectProviderVC.swift; sourceTree = "<group>"; };
		227197C7279024AF0014BC3E /* LocationPermisionVC.swift */ = {isa = PBXFileReference; lastKnownFileType = sourcecode.swift; path = LocationPermisionVC.swift; sourceTree = "<group>"; };
		227197CA27902AD80014BC3E /* NotificationPermissionVC.swift */ = {isa = PBXFileReference; lastKnownFileType = sourcecode.swift; path = NotificationPermissionVC.swift; sourceTree = "<group>"; };
		227197CD27902CAE0014BC3E /* OchsnerCloudPermissionVC.swift */ = {isa = PBXFileReference; lastKnownFileType = sourcecode.swift; path = OchsnerCloudPermissionVC.swift; sourceTree = "<group>"; };
		227CD4DE27A3EBFF0005C3D9 /* BLEHelper.swift */ = {isa = PBXFileReference; fileEncoding = 4; lastKnownFileType = sourcecode.swift; path = BLEHelper.swift; sourceTree = "<group>"; };
		227CD4E027A3EC540005C3D9 /* TransferService.swift */ = {isa = PBXFileReference; fileEncoding = 4; lastKnownFileType = sourcecode.swift; path = TransferService.swift; sourceTree = "<group>"; };
		228B155527BFD93900B4527F /* Device+CoreDataProperties.swift */ = {isa = PBXFileReference; fileEncoding = 4; lastKnownFileType = sourcecode.swift; path = "Device+CoreDataProperties.swift"; sourceTree = "<group>"; };
		228B155627BFD93900B4527F /* Device+CoreDataClass.swift */ = {isa = PBXFileReference; fileEncoding = 4; lastKnownFileType = sourcecode.swift; path = "Device+CoreDataClass.swift"; sourceTree = "<group>"; };
		2296C33827B248040095CBFA /* TemporaryDashbord.swift */ = {isa = PBXFileReference; lastKnownFileType = sourcecode.swift; path = TemporaryDashbord.swift; sourceTree = "<group>"; };
		2296C33927B248040095CBFA /* TemporaryDashbord.xib */ = {isa = PBXFileReference; lastKnownFileType = file.xib; path = TemporaryDashbord.xib; sourceTree = "<group>"; };
		2296C33C27B2621E0095CBFA /* TemoDashboardCell.swift */ = {isa = PBXFileReference; lastKnownFileType = sourcecode.swift; path = TemoDashboardCell.swift; sourceTree = "<group>"; };
		2296C33D27B2621E0095CBFA /* TemoDashboardCell.xib */ = {isa = PBXFileReference; lastKnownFileType = file.xib; path = TemoDashboardCell.xib; sourceTree = "<group>"; };
		22AE96E9278E9F1E00C0D851 /* LoginVC.swift */ = {isa = PBXFileReference; lastKnownFileType = sourcecode.swift; path = LoginVC.swift; sourceTree = "<group>"; };
		22AE96EC278E9F8500C0D851 /* BaseVC.swift */ = {isa = PBXFileReference; lastKnownFileType = sourcecode.swift; path = BaseVC.swift; sourceTree = "<group>"; };
		22AE96F0278EA37F00C0D851 /* HomeVC.swift */ = {isa = PBXFileReference; lastKnownFileType = sourcecode.swift; path = HomeVC.swift; sourceTree = "<group>"; };
		22AE96F4278EA5D700C0D851 /* ProviderListVC.swift */ = {isa = PBXFileReference; lastKnownFileType = sourcecode.swift; path = ProviderListVC.swift; sourceTree = "<group>"; };
		22AE96F8278EA68900C0D851 /* BluetoothPermissionVC.swift */ = {isa = PBXFileReference; lastKnownFileType = sourcecode.swift; path = BluetoothPermissionVC.swift; sourceTree = "<group>"; };
		22AE96FC278EAA0B00C0D851 /* ManageDeviceVC.swift */ = {isa = PBXFileReference; lastKnownFileType = sourcecode.swift; path = ManageDeviceVC.swift; sourceTree = "<group>"; };
		22AE9700278EAA8D00C0D851 /* ProfileVC.swift */ = {isa = PBXFileReference; lastKnownFileType = sourcecode.swift; path = ProfileVC.swift; sourceTree = "<group>"; };
		22AE970C278EDAFB00C0D851 /* StringsContants.swift */ = {isa = PBXFileReference; lastKnownFileType = sourcecode.swift; path = StringsContants.swift; sourceTree = "<group>"; };
		22CA52A527C34D9E0031BDE7 /* HomeVM.swift */ = {isa = PBXFileReference; lastKnownFileType = sourcecode.swift; path = HomeVM.swift; sourceTree = "<group>"; };
		22CA52A727C34EF50031BDE7 /* DashboardModel.swift */ = {isa = PBXFileReference; lastKnownFileType = sourcecode.swift; path = DashboardModel.swift; sourceTree = "<group>"; };
		22FC2E0527B767C700ABE886 /* ProviderListVM.swift */ = {isa = PBXFileReference; lastKnownFileType = sourcecode.swift; path = ProviderListVM.swift; sourceTree = "<group>"; };
		22FC2E0727B76D2700ABE886 /* ProviderModel.swift */ = {isa = PBXFileReference; lastKnownFileType = sourcecode.swift; path = ProviderModel.swift; sourceTree = "<group>"; };
		22FCEA6127C4AA8700A91A6A /* dashboard_response.json */ = {isa = PBXFileReference; fileEncoding = 4; lastKnownFileType = text.json; path = dashboard_response.json; sourceTree = "<group>"; };
		470E4FE427C7744100F8C815 /* SF-Pro-Display-BoldItalic.otf */ = {isa = PBXFileReference; lastKnownFileType = file; path = "SF-Pro-Display-BoldItalic.otf"; sourceTree = "<group>"; };
		471023472796737B00F88876 /* SFProDisplay-Bold.ttf */ = {isa = PBXFileReference; lastKnownFileType = file; path = "SFProDisplay-Bold.ttf"; sourceTree = "<group>"; };
		471023482796737B00F88876 /* SFProText-Regular.ttf */ = {isa = PBXFileReference; lastKnownFileType = file; path = "SFProText-Regular.ttf"; sourceTree = "<group>"; };
		471023492796737B00F88876 /* SFProText-Semibold.ttf */ = {isa = PBXFileReference; lastKnownFileType = file; path = "SFProText-Semibold.ttf"; sourceTree = "<group>"; };
		4710234D2796BDBD00F88876 /* MedicationVC.swift */ = {isa = PBXFileReference; lastKnownFileType = sourcecode.swift; path = MedicationVC.swift; sourceTree = "<group>"; };
		4710234F2796CA8500F88876 /* SFProText-Bold.ttf */ = {isa = PBXFileReference; lastKnownFileType = file; path = "SFProText-Bold.ttf"; sourceTree = "<group>"; };
		471023522796CFA400F88876 /* MedicationCell.swift */ = {isa = PBXFileReference; lastKnownFileType = sourcecode.swift; path = MedicationCell.swift; sourceTree = "<group>"; };
		4711F91127AA536E00AD063F /* BLECentralManagerDelegate.swift */ = {isa = PBXFileReference; lastKnownFileType = sourcecode.swift; path = BLECentralManagerDelegate.swift; sourceTree = "<group>"; };
		4711F91327AA55E000AD063F /* BLEPeripheralDelegate.swift */ = {isa = PBXFileReference; lastKnownFileType = sourcecode.swift; path = BLEPeripheralDelegate.swift; sourceTree = "<group>"; };
		4722F4722799148700F505D2 /* ChangePasswordVC.swift */ = {isa = PBXFileReference; lastKnownFileType = sourcecode.swift; path = ChangePasswordVC.swift; sourceTree = "<group>"; };
		4722F47827994C3E00F505D2 /* UpdateProfileVC.swift */ = {isa = PBXFileReference; fileEncoding = 4; lastKnownFileType = sourcecode.swift; path = UpdateProfileVC.swift; sourceTree = "<group>"; };
		4725F2042797CA4B00BBDA28 /* MedicationDetailVC.swift */ = {isa = PBXFileReference; lastKnownFileType = sourcecode.swift; path = MedicationDetailVC.swift; sourceTree = "<group>"; };
		4725F2072797D5CE00BBDA28 /* DoseTimeCell.swift */ = {isa = PBXFileReference; lastKnownFileType = sourcecode.swift; path = DoseTimeCell.swift; sourceTree = "<group>"; };
		4725F20B2797EC4F00BBDA28 /* Int+Extension.swift */ = {isa = PBXFileReference; lastKnownFileType = sourcecode.swift; path = "Int+Extension.swift"; sourceTree = "<group>"; };
		4725F20D2797FE4300BBDA28 /* AddAnotherDeviceVC.swift */ = {isa = PBXFileReference; lastKnownFileType = sourcecode.swift; path = AddAnotherDeviceVC.swift; sourceTree = "<group>"; };
		4725F2102798093000BBDA28 /* BLEDeviceCell.swift */ = {isa = PBXFileReference; lastKnownFileType = sourcecode.swift; path = BLEDeviceCell.swift; sourceTree = "<group>"; };
		4725F21227981BBC00BBDA28 /* NMDatePicker.swift */ = {isa = PBXFileReference; lastKnownFileType = sourcecode.swift; path = NMDatePicker.swift; sourceTree = "<group>"; };
		4728C9DC27A7BED50057F8E5 /* MedicationVM.swift */ = {isa = PBXFileReference; lastKnownFileType = sourcecode.swift; path = MedicationVM.swift; sourceTree = "<group>"; };
		4728C9DE27A7BF5D0057F8E5 /* MedicationModel.swift */ = {isa = PBXFileReference; lastKnownFileType = sourcecode.swift; path = MedicationModel.swift; sourceTree = "<group>"; };
		472DC2432795328D008E0060 /* ProviderCell.swift */ = {isa = PBXFileReference; fileEncoding = 4; lastKnownFileType = sourcecode.swift; path = ProviderCell.swift; sourceTree = "<group>"; };
		472F6439279FE15400E37FB1 /* CreateAccountVM.swift */ = {isa = PBXFileReference; lastKnownFileType = sourcecode.swift; path = CreateAccountVM.swift; sourceTree = "<group>"; };
		472F643B279FF46400E37FB1 /* CommonFunction.swift */ = {isa = PBXFileReference; lastKnownFileType = sourcecode.swift; path = CommonFunction.swift; sourceTree = "<group>"; };
		4733204F27A8EEC100695661 /* BLECommunication.swift */ = {isa = PBXFileReference; lastKnownFileType = sourcecode.swift; path = BLECommunication.swift; sourceTree = "<group>"; };
		4743B7CC27B527950000C3E8 /* OchsnerDB.xcdatamodel */ = {isa = PBXFileReference; lastKnownFileType = wrapper.xcdatamodel; path = OchsnerDB.xcdatamodel; sourceTree = "<group>"; };
		4743B7D227B529CE0000C3E8 /* CoreData.framework */ = {isa = PBXFileReference; lastKnownFileType = wrapper.framework; name = CoreData.framework; path = System/Library/Frameworks/CoreData.framework; sourceTree = SDKROOT; };
		4743B7D427B52A480000C3E8 /* DatabaseHelper.swift */ = {isa = PBXFileReference; lastKnownFileType = sourcecode.swift; path = DatabaseHelper.swift; sourceTree = "<group>"; };
		47C1FEE227957215007C6F16 /* ProviderVC.swift */ = {isa = PBXFileReference; lastKnownFileType = sourcecode.swift; path = ProviderVC.swift; sourceTree = "<group>"; };
		47C1FEE827958F1A007C6F16 /* AddDeviceIntroVC.swift */ = {isa = PBXFileReference; lastKnownFileType = sourcecode.swift; path = AddDeviceIntroVC.swift; sourceTree = "<group>"; };
		47C1FEEA27958F34007C6F16 /* AddDevice.storyboard */ = {isa = PBXFileReference; fileEncoding = 4; lastKnownFileType = file.storyboard; path = AddDevice.storyboard; sourceTree = "<group>"; };
		47CDCE0E278D872F0014527D /* OchsnerInhalerApp.app */ = {isa = PBXFileReference; explicitFileType = wrapper.application; includeInIndex = 0; path = OchsnerInhalerApp.app; sourceTree = BUILT_PRODUCTS_DIR; };
		47CDCE11278D872F0014527D /* AppDelegate.swift */ = {isa = PBXFileReference; lastKnownFileType = sourcecode.swift; path = AppDelegate.swift; sourceTree = "<group>"; };
		47CDCE13278D872F0014527D /* SceneDelegate.swift */ = {isa = PBXFileReference; lastKnownFileType = sourcecode.swift; path = SceneDelegate.swift; sourceTree = "<group>"; };
		47CDCE18278D872F0014527D /* Base */ = {isa = PBXFileReference; lastKnownFileType = file.storyboard; name = Base; path = Base.lproj/Main.storyboard; sourceTree = "<group>"; };
		47CDCE1A278D87300014527D /* Assets.xcassets */ = {isa = PBXFileReference; lastKnownFileType = folder.assetcatalog; path = Assets.xcassets; sourceTree = "<group>"; };
		47CDCE1D278D87300014527D /* Base */ = {isa = PBXFileReference; lastKnownFileType = file.storyboard; name = Base; path = Base.lproj/LaunchScreen.storyboard; sourceTree = "<group>"; };
		47CDCE1F278D87300014527D /* Info.plist */ = {isa = PBXFileReference; lastKnownFileType = text.plist.xml; path = Info.plist; sourceTree = "<group>"; };
		47CDCE2B278D88FE0014527D /* ResultType.swift */ = {isa = PBXFileReference; fileEncoding = 4; lastKnownFileType = sourcecode.swift; path = ResultType.swift; sourceTree = "<group>"; };
		47CDCE2F278D88FE0014527D /* Logger.swift */ = {isa = PBXFileReference; fileEncoding = 4; lastKnownFileType = sourcecode.swift; path = Logger.swift; sourceTree = "<group>"; };
		47CDCE3F278D88FE0014527D /* Utils.swift */ = {isa = PBXFileReference; fileEncoding = 4; lastKnownFileType = sourcecode.swift; path = Utils.swift; sourceTree = "<group>"; };
		47CDCE41278D88FE0014527D /* LocationManager.swift */ = {isa = PBXFileReference; fileEncoding = 4; lastKnownFileType = sourcecode.swift; path = LocationManager.swift; sourceTree = "<group>"; };
		47CDCE5F278D89210014527D /* Constants.swift */ = {isa = PBXFileReference; fileEncoding = 4; lastKnownFileType = sourcecode.swift; path = Constants.swift; sourceTree = "<group>"; };
		47CDCE61278D89210014527D /* MobileDeviceManager.swift */ = {isa = PBXFileReference; fileEncoding = 4; lastKnownFileType = sourcecode.swift; path = MobileDeviceManager.swift; sourceTree = "<group>"; };
		47CDCE62278D89210014527D /* NetworkManager.swift */ = {isa = PBXFileReference; fileEncoding = 4; lastKnownFileType = sourcecode.swift; path = NetworkManager.swift; sourceTree = "<group>"; };
		47CDCE64278D89210014527D /* UIImageView+Extension.swift */ = {isa = PBXFileReference; fileEncoding = 4; lastKnownFileType = sourcecode.swift; path = "UIImageView+Extension.swift"; sourceTree = "<group>"; };
		47CDCE65278D89210014527D /* UIColor+Extension.swift */ = {isa = PBXFileReference; fileEncoding = 4; lastKnownFileType = sourcecode.swift; path = "UIColor+Extension.swift"; sourceTree = "<group>"; };
		47CDCE66278D89210014527D /* UILabel+Extension.swift */ = {isa = PBXFileReference; fileEncoding = 4; lastKnownFileType = sourcecode.swift; path = "UILabel+Extension.swift"; sourceTree = "<group>"; };
		47CDCE67278D89210014527D /* DateTime+Extension.swift */ = {isa = PBXFileReference; fileEncoding = 4; lastKnownFileType = sourcecode.swift; path = "DateTime+Extension.swift"; sourceTree = "<group>"; };
		47CDCE68278D89210014527D /* UIButton+Extension.swift */ = {isa = PBXFileReference; fileEncoding = 4; lastKnownFileType = sourcecode.swift; path = "UIButton+Extension.swift"; sourceTree = "<group>"; };
		47CDCE69278D89210014527D /* UIView+Extension.swift */ = {isa = PBXFileReference; fileEncoding = 4; lastKnownFileType = sourcecode.swift; path = "UIView+Extension.swift"; sourceTree = "<group>"; };
		47CDCE6A278D89210014527D /* UIAlertController+Extensions.swift */ = {isa = PBXFileReference; fileEncoding = 4; lastKnownFileType = sourcecode.swift; path = "UIAlertController+Extensions.swift"; sourceTree = "<group>"; };
		47CDCE6B278D89210014527D /* UIViewController+Extension.swift */ = {isa = PBXFileReference; fileEncoding = 4; lastKnownFileType = sourcecode.swift; path = "UIViewController+Extension.swift"; sourceTree = "<group>"; };
		47CDCE6C278D89210014527D /* Device+Extension.swift */ = {isa = PBXFileReference; fileEncoding = 4; lastKnownFileType = sourcecode.swift; path = "Device+Extension.swift"; sourceTree = "<group>"; };
		47CDCE6D278D89210014527D /* String.swift */ = {isa = PBXFileReference; fileEncoding = 4; lastKnownFileType = sourcecode.swift; path = String.swift; sourceTree = "<group>"; };
		47CDCE6E278D89210014527D /* UIApplication.swift */ = {isa = PBXFileReference; fileEncoding = 4; lastKnownFileType = sourcecode.swift; path = UIApplication.swift; sourceTree = "<group>"; };
		47CDCE6F278D89210014527D /* UITableView+Extension.swift */ = {isa = PBXFileReference; fileEncoding = 4; lastKnownFileType = sourcecode.swift; path = "UITableView+Extension.swift"; sourceTree = "<group>"; };
		47CDCE70278D89210014527D /* UITextField+Extensions.swift */ = {isa = PBXFileReference; fileEncoding = 4; lastKnownFileType = sourcecode.swift; path = "UITextField+Extensions.swift"; sourceTree = "<group>"; };
		47CDCE71278D89210014527D /* LogFormatter.swift */ = {isa = PBXFileReference; fileEncoding = 4; lastKnownFileType = sourcecode.swift; path = LogFormatter.swift; sourceTree = "<group>"; };
		47CDCE72278D89210014527D /* GlobalStoryboards.swift */ = {isa = PBXFileReference; fileEncoding = 4; lastKnownFileType = sourcecode.swift; path = GlobalStoryboards.swift; sourceTree = "<group>"; };
		47CDCE73278D89210014527D /* Dispatch.swift */ = {isa = PBXFileReference; fileEncoding = 4; lastKnownFileType = sourcecode.swift; path = Dispatch.swift; sourceTree = "<group>"; };
		47CDCE76278D89210014527D /* Validators.swift */ = {isa = PBXFileReference; fileEncoding = 4; lastKnownFileType = sourcecode.swift; path = Validators.swift; sourceTree = "<group>"; };
		47CDCE8F278D89C30014527D /* APIConstants.swift */ = {isa = PBXFileReference; fileEncoding = 4; lastKnownFileType = sourcecode.swift; path = APIConstants.swift; sourceTree = "<group>"; };
		47CDCE90278D89C30014527D /* APIManager.swift */ = {isa = PBXFileReference; fileEncoding = 4; lastKnownFileType = sourcecode.swift; path = APIManager.swift; sourceTree = "<group>"; };
		47CDCE91278D89C30014527D /* APIRouter.swift */ = {isa = PBXFileReference; fileEncoding = 4; lastKnownFileType = sourcecode.swift; path = APIRouter.swift; sourceTree = "<group>"; };
		47CDCE95278D95290014527D /* UserDefaultManager.swift */ = {isa = PBXFileReference; fileEncoding = 4; lastKnownFileType = sourcecode.swift; path = UserDefaultManager.swift; sourceTree = "<group>"; };
		47CDCE98278DA8040014527D /* UserManagement.storyboard */ = {isa = PBXFileReference; lastKnownFileType = file.storyboard; path = UserManagement.storyboard; sourceTree = "<group>"; };
		47CDCE9A278DA8570014527D /* Providers.storyboard */ = {isa = PBXFileReference; lastKnownFileType = file.storyboard; path = Providers.storyboard; sourceTree = "<group>"; };
		47CDCE9C278DA8820014527D /* Permissions.storyboard */ = {isa = PBXFileReference; lastKnownFileType = file.storyboard; path = Permissions.storyboard; sourceTree = "<group>"; };
		47CDCE9E278DA8A00014527D /* DeviceList.storyboard */ = {isa = PBXFileReference; lastKnownFileType = file.storyboard; path = DeviceList.storyboard; sourceTree = "<group>"; };
		47CDCEA0278DA8C10014527D /* Profile.storyboard */ = {isa = PBXFileReference; lastKnownFileType = file.storyboard; path = Profile.storyboard; sourceTree = "<group>"; };
		47CDCEA2278DA9470014527D /* UserModel.swift */ = {isa = PBXFileReference; lastKnownFileType = sourcecode.swift; path = UserModel.swift; sourceTree = "<group>"; };
		47E1662527BBB843004A2006 /* ManageDeviceVM.swift */ = {isa = PBXFileReference; lastKnownFileType = sourcecode.swift; path = ManageDeviceVM.swift; sourceTree = "<group>"; };
		47E1662727BBB857004A2006 /* DeviceModel.swift */ = {isa = PBXFileReference; lastKnownFileType = sourcecode.swift; path = DeviceModel.swift; sourceTree = "<group>"; };
		47FA0E7327A25AB100F4A7C8 /* LoginVM.swift */ = {isa = PBXFileReference; fileEncoding = 4; lastKnownFileType = sourcecode.swift; path = LoginVM.swift; sourceTree = "<group>"; };
		56B9AD368F85B5FAB8026B58 /* Pods-OchsnerInhalerApp.release.xcconfig */ = {isa = PBXFileReference; includeInIndex = 1; lastKnownFileType = text.xcconfig; name = "Pods-OchsnerInhalerApp.release.xcconfig"; path = "Target Support Files/Pods-OchsnerInhalerApp/Pods-OchsnerInhalerApp.release.xcconfig"; sourceTree = "<group>"; };
/* End PBXFileReference section */

/* Begin PBXFrameworksBuildPhase section */
		47CDCE0B278D872F0014527D /* Frameworks */ = {
			isa = PBXFrameworksBuildPhase;
			buildActionMask = 2147483647;
			files = (
				4743B7D327B529CE0000C3E8 /* CoreData.framework in Frameworks */,
				F35678A225D81FED6005228C /* Pods_OchsnerInhalerApp.framework in Frameworks */,
			);
			runOnlyForDeploymentPostprocessing = 0;
		};
/* End PBXFrameworksBuildPhase section */

/* Begin PBXGroup section */
		10A21F7F9CAEC56E3E25FD6B /* Pods */ = {
			isa = PBXGroup;
			children = (
				212586064C4682A1CC8CF618 /* Pods-OchsnerInhalerApp.debug.xcconfig */,
				56B9AD368F85B5FAB8026B58 /* Pods-OchsnerInhalerApp.release.xcconfig */,
			);
			path = Pods;
			sourceTree = "<group>";
		};
		224E1C952797F500000C5D1A /* Cell */ = {
			isa = PBXGroup;
			children = (
				224E1C962797F53A000C5D1A /* ManageDeviceCell.swift */,
				224E1C972797F53A000C5D1A /* ManageDeviceCell.xib */,
			);
			path = Cell;
			sourceTree = "<group>";
		};
		224E1C9A279819AD000C5D1A /* Cell */ = {
			isa = PBXGroup;
			children = (
				224E1C9B27981AB7000C5D1A /* HomeDeviceCell.swift */,
				224E1C9C27981AB7000C5D1A /* HomeDeviceCell.xib */,
				22609D762799236700B38CF4 /* HomeGraphCell.swift */,
				22609D772799236700B38CF4 /* HomeGraphCell.xib */,
				22609D7A279925B200B38CF4 /* GraphCell.swift */,
				22609D7B279925B200B38CF4 /* GraphCell.xib */,
			);
			path = Cell;
			sourceTree = "<group>";
		};
		2257006E27A2AE4A009B6415 /* NotificationManager */ = {
			isa = PBXGroup;
			children = (
				2257006F27A2AE4A009B6415 /* NotificationManager.swift */,
			);
			path = NotificationManager;
			sourceTree = "<group>";
		};
		225F315B27D0A2050059566E /* ReminderManager */ = {
			isa = PBXGroup;
			children = (
				225F315927D0A1F10059566E /* ReminderManager.swift */,
			);
			path = ReminderManager;
			sourceTree = "<group>";
		};
		2261AA022796F127000D5CE1 /* PrivacyPolicy */ = {
			isa = PBXGroup;
			children = (
				2261AA032796F15D000D5CE1 /* PrivacyPolicyVC.swift */,
			);
			path = PrivacyPolicy;
			sourceTree = "<group>";
		};
		227197B8278FF06E0014BC3E /* CustomSplash */ = {
			isa = PBXGroup;
			children = (
				227197B9278FF09A0014BC3E /* CustomSplashVC.swift */,
			);
			path = CustomSplash;
			sourceTree = "<group>";
		};
		227197BB278FF9BD0014BC3E /* CreateAccount */ = {
			isa = PBXGroup;
			children = (
				227197BC278FF9DB0014BC3E /* CreateAccoutVC.swift */,
				472F6439279FE15400E37FB1 /* CreateAccountVM.swift */,
			);
			path = CreateAccount;
			sourceTree = "<group>";
		};
		227197BE278FFF790014BC3E /* ConnectProvider */ = {
			isa = PBXGroup;
			children = (
				227197BF278FFFA20014BC3E /* ConnectProviderVC.swift */,
			);
			path = ConnectProvider;
			sourceTree = "<group>";
		};
		227197C62790247E0014BC3E /* Location */ = {
			isa = PBXGroup;
			children = (
				227197C7279024AF0014BC3E /* LocationPermisionVC.swift */,
			);
			path = Location;
			sourceTree = "<group>";
		};
		227197C927902AB50014BC3E /* Notification */ = {
			isa = PBXGroup;
			children = (
				227197CA27902AD80014BC3E /* NotificationPermissionVC.swift */,
			);
			path = Notification;
			sourceTree = "<group>";
		};
		227197CC27902C770014BC3E /* OchsnerCloudPermission */ = {
			isa = PBXGroup;
			children = (
				227197CD27902CAE0014BC3E /* OchsnerCloudPermissionVC.swift */,
			);
			path = OchsnerCloudPermission;
			sourceTree = "<group>";
		};
		227CD4DD27A3EBEF0005C3D9 /* BLEManager */ = {
			isa = PBXGroup;
			children = (
				227CD4E027A3EC540005C3D9 /* TransferService.swift */,
				227CD4DE27A3EBFF0005C3D9 /* BLEHelper.swift */,
				4733204F27A8EEC100695661 /* BLECommunication.swift */,
				4711F91327AA55E000AD063F /* BLEPeripheralDelegate.swift */,
				4711F91127AA536E00AD063F /* BLECentralManagerDelegate.swift */,
			);
			path = BLEManager;
			sourceTree = "<group>";
		};
		22AE96E5278E9D2400C0D851 /* AppDelegate */ = {
			isa = PBXGroup;
			children = (
				47CDCE11278D872F0014527D /* AppDelegate.swift */,
				47CDCE13278D872F0014527D /* SceneDelegate.swift */,
			);
			path = AppDelegate;
			sourceTree = "<group>";
		};
		22AE96E6278E9D6300C0D851 /* Resource */ = {
			isa = PBXGroup;
			children = (
				47CDCE1A278D87300014527D /* Assets.xcassets */,
			);
			path = Resource;
			sourceTree = "<group>";
		};
		22AE96E7278E9EA900C0D851 /* UserManagement */ = {
			isa = PBXGroup;
			children = (
				4722F47727994C3E00F505D2 /* UpdateProfile */,
				4722F4712799146200F505D2 /* ChangePassword */,
				2261AA022796F127000D5CE1 /* PrivacyPolicy */,
				227197BB278FF9BD0014BC3E /* CreateAccount */,
				22AE96E8278E9EFE00C0D851 /* Login */,
			);
			path = UserManagement;
			sourceTree = "<group>";
		};
		22AE96E8278E9EFE00C0D851 /* Login */ = {
			isa = PBXGroup;
			children = (
				47FA0E7327A25AB100F4A7C8 /* LoginVM.swift */,
				22AE96E9278E9F1E00C0D851 /* LoginVC.swift */,
			);
			path = Login;
			sourceTree = "<group>";
		};
		22AE96EB278E9F5F00C0D851 /* BaseController */ = {
			isa = PBXGroup;
			children = (
				22AE96EC278E9F8500C0D851 /* BaseVC.swift */,
			);
			path = BaseController;
			sourceTree = "<group>";
		};
		22AE96EE278EA33700C0D851 /* Home */ = {
			isa = PBXGroup;
			children = (
				22AE96EF278EA36F00C0D851 /* Home */,
			);
			path = Home;
			sourceTree = "<group>";
		};
		22AE96EF278EA36F00C0D851 /* Home */ = {
			isa = PBXGroup;
			children = (
				224E1C9A279819AD000C5D1A /* Cell */,
				22AE96F0278EA37F00C0D851 /* HomeVC.swift */,
				22CA52A527C34D9E0031BDE7 /* HomeVM.swift */,
				2296C33827B248040095CBFA /* TemporaryDashbord.swift */,
				2296C33927B248040095CBFA /* TemporaryDashbord.xib */,
				2296C33C27B2621E0095CBFA /* TemoDashboardCell.swift */,
				2296C33D27B2621E0095CBFA /* TemoDashboardCell.xib */,
			);
			path = Home;
			sourceTree = "<group>";
		};
		22AE96F2278EA5B300C0D851 /* Providers */ = {
			isa = PBXGroup;
			children = (
				227197BE278FFF790014BC3E /* ConnectProvider */,
				22AE96F3278EA5BD00C0D851 /* ProviderList */,
				472DC2422795328D008E0060 /* ProviderListCell */,
			);
			path = Providers;
			sourceTree = "<group>";
		};
		22AE96F3278EA5BD00C0D851 /* ProviderList */ = {
			isa = PBXGroup;
			children = (
				22AE96F4278EA5D700C0D851 /* ProviderListVC.swift */,
				47C1FEE227957215007C6F16 /* ProviderVC.swift */,
				22FC2E0527B767C700ABE886 /* ProviderListVM.swift */,
			);
			path = ProviderList;
			sourceTree = "<group>";
		};
		22AE96F6278EA62F00C0D851 /* Permission */ = {
			isa = PBXGroup;
			children = (
				227197CC27902C770014BC3E /* OchsnerCloudPermission */,
				227197C927902AB50014BC3E /* Notification */,
				227197C62790247E0014BC3E /* Location */,
				22AE96F7278EA64300C0D851 /* Bluetooth */,
			);
			path = Permission;
			sourceTree = "<group>";
		};
		22AE96F7278EA64300C0D851 /* Bluetooth */ = {
			isa = PBXGroup;
			children = (
				22AE96F8278EA68900C0D851 /* BluetoothPermissionVC.swift */,
				2261AA002796CCE8000D5CE1 /* CancleBluetoothPermissionVC.swift */,
			);
			path = Bluetooth;
			sourceTree = "<group>";
		};
		22AE96FA278EA8FA00C0D851 /* Devices */ = {
			isa = PBXGroup;
			children = (
				4725F2062797CA5F00BBDA28 /* AddMedicationtoDevice */,
				47C1FEE727958ECB007C6F16 /* AddDevice */,
				22AE96FB278EA99600C0D851 /* ManageDevice */,
			);
			path = Devices;
			sourceTree = "<group>";
		};
		22AE96FB278EA99600C0D851 /* ManageDevice */ = {
			isa = PBXGroup;
			children = (
				224E1C952797F500000C5D1A /* Cell */,
				22AE96FC278EAA0B00C0D851 /* ManageDeviceVC.swift */,
				47E1662527BBB843004A2006 /* ManageDeviceVM.swift */,
			);
			path = ManageDevice;
			sourceTree = "<group>";
		};
		22AE96FE278EAA5100C0D851 /* Profile */ = {
			isa = PBXGroup;
			children = (
				22AE96FF278EAA5D00C0D851 /* Profile */,
			);
			path = Profile;
			sourceTree = "<group>";
		};
		22AE96FF278EAA5D00C0D851 /* Profile */ = {
			isa = PBXGroup;
			children = (
				22AE9700278EAA8D00C0D851 /* ProfileVC.swift */,
				221B3C1C27CCAADD00A3AFD6 /* ProfileVM.swift */,
			);
			path = Profile;
			sourceTree = "<group>";
		};
		22AE970B278ED6C900C0D851 /* Splash */ = {
			isa = PBXGroup;
			children = (
				227197B8278FF06E0014BC3E /* CustomSplash */,
			);
			path = Splash;
			sourceTree = "<group>";
		};
		2F0841B8F37C1807803250A2 /* Frameworks */ = {
			isa = PBXGroup;
			children = (
				4743B7D227B529CE0000C3E8 /* CoreData.framework */,
				0537F0FE35FEA6D61EF817F4 /* Pods_OchsnerInhalerApp.framework */,
			);
			name = Frameworks;
			sourceTree = "<group>";
		};
		471023512796CF8E00F88876 /* Cell */ = {
			isa = PBXGroup;
			children = (
				471023522796CFA400F88876 /* MedicationCell.swift */,
				4725F2072797D5CE00BBDA28 /* DoseTimeCell.swift */,
			);
			path = Cell;
			sourceTree = "<group>";
		};
		4722F4712799146200F505D2 /* ChangePassword */ = {
			isa = PBXGroup;
			children = (
				4722F4722799148700F505D2 /* ChangePasswordVC.swift */,
			);
			path = ChangePassword;
			sourceTree = "<group>";
		};
		4722F47727994C3E00F505D2 /* UpdateProfile */ = {
			isa = PBXGroup;
			children = (
				4722F47827994C3E00F505D2 /* UpdateProfileVC.swift */,
			);
			path = UpdateProfile;
			sourceTree = "<group>";
		};
		4725F2062797CA5F00BBDA28 /* AddMedicationtoDevice */ = {
			isa = PBXGroup;
			children = (
				471023512796CF8E00F88876 /* Cell */,
				4710234D2796BDBD00F88876 /* MedicationVC.swift */,
				4728C9DC27A7BED50057F8E5 /* MedicationVM.swift */,
				4725F2042797CA4B00BBDA28 /* MedicationDetailVC.swift */,
			);
			path = AddMedicationtoDevice;
			sourceTree = "<group>";
		};
		472DC2422795328D008E0060 /* ProviderListCell */ = {
			isa = PBXGroup;
			children = (
				472DC2432795328D008E0060 /* ProviderCell.swift */,
			);
			path = ProviderListCell;
			sourceTree = "<group>";
		};
		4743B7CA27B527660000C3E8 /* Database */ = {
			isa = PBXGroup;
			children = (
				228B155627BFD93900B4527F /* Device+CoreDataClass.swift */,
				228B155527BFD93900B4527F /* Device+CoreDataProperties.swift */,
				2213838527BCB3DE00D4BFA0 /* AcuationLog+CoreDataClass.swift */,
				2213838427BCB3DD00D4BFA0 /* AcuationLog+CoreDataProperties.swift */,
				4743B7CB27B527950000C3E8 /* OchsnerDB.xcdatamodeld */,
				4743B7D427B52A480000C3E8 /* DatabaseHelper.swift */,
			);
			path = Database;
			sourceTree = "<group>";
		};
		47C1FEE727958ECB007C6F16 /* AddDevice */ = {
			isa = PBXGroup;
			children = (
				47C1FEE827958F1A007C6F16 /* AddDeviceIntroVC.swift */,
				4725F2102798093000BBDA28 /* BLEDeviceCell.swift */,
				4725F20D2797FE4300BBDA28 /* AddAnotherDeviceVC.swift */,
			);
			path = AddDevice;
			sourceTree = "<group>";
		};
		47CDCE05278D872F0014527D = {
			isa = PBXGroup;
			children = (
				47CDCE10278D872F0014527D /* OchsnerInhalerApp */,
				47CDCE0F278D872F0014527D /* Products */,
				10A21F7F9CAEC56E3E25FD6B /* Pods */,
				2F0841B8F37C1807803250A2 /* Frameworks */,
			);
			sourceTree = "<group>";
		};
		47CDCE0F278D872F0014527D /* Products */ = {
			isa = PBXGroup;
			children = (
				47CDCE0E278D872F0014527D /* OchsnerInhalerApp.app */,
			);
			name = Products;
			sourceTree = "<group>";
		};
		47CDCE10278D872F0014527D /* OchsnerInhalerApp */ = {
			isa = PBXGroup;
			children = (
				4743B7CA27B527660000C3E8 /* Database */,
				22AE96E5278E9D2400C0D851 /* AppDelegate */,
				47CDCE8E278D89C30014527D /* Services */,
				47CDCE5E278D89210014527D /* Helpers */,
				47CDCE2A278D88FE0014527D /* SupportingFiles */,
				47CDCE26278D87610014527D /* Model */,
				47CDCE25278D87470014527D /* Controller */,
				47CDCE97278DA7C70014527D /* View */,
				47CDCE1F278D87300014527D /* Info.plist */,
			);
			path = OchsnerInhalerApp;
			sourceTree = "<group>";
		};
		47CDCE25278D87470014527D /* Controller */ = {
			isa = PBXGroup;
			children = (
				22AE970B278ED6C900C0D851 /* Splash */,
				22AE96FE278EAA5100C0D851 /* Profile */,
				22AE96FA278EA8FA00C0D851 /* Devices */,
				22AE96F6278EA62F00C0D851 /* Permission */,
				22AE96F2278EA5B300C0D851 /* Providers */,
				22AE96EE278EA33700C0D851 /* Home */,
				22AE96EB278E9F5F00C0D851 /* BaseController */,
				22AE96E7278E9EA900C0D851 /* UserManagement */,
			);
			path = Controller;
			sourceTree = "<group>";
		};
		47CDCE26278D87610014527D /* Model */ = {
			isa = PBXGroup;
			children = (
				47CDCEA2278DA9470014527D /* UserModel.swift */,
				4728C9DE27A7BF5D0057F8E5 /* MedicationModel.swift */,
				22FC2E0727B76D2700ABE886 /* ProviderModel.swift */,
				47E1662727BBB857004A2006 /* DeviceModel.swift */,
				22CA52A727C34EF50031BDE7 /* DashboardModel.swift */,
				221B3C1E27CCAC4600A3AFD6 /* ProfileModel.swift */,
			);
			path = Model;
			sourceTree = "<group>";
		};
		47CDCE2A278D88FE0014527D /* SupportingFiles */ = {
			isa = PBXGroup;
			children = (
				225F315B27D0A2050059566E /* ReminderManager */,
				227CD4DD27A3EBEF0005C3D9 /* BLEManager */,
				2257006E27A2AE4A009B6415 /* NotificationManager */,
				22AE96E6278E9D6300C0D851 /* Resource */,
				47CDCE2B278D88FE0014527D /* ResultType.swift */,
				47CDCE2E278D88FE0014527D /* Logger */,
				47CDCE33278D88FE0014527D /* CustomFonts */,
				47CDCE3F278D88FE0014527D /* Utils.swift */,
				47CDCE40278D88FE0014527D /* LocationManager */,
				22FCEA6127C4AA8700A91A6A /* dashboard_response.json */,
			);
			path = SupportingFiles;
			sourceTree = "<group>";
		};
		47CDCE2E278D88FE0014527D /* Logger */ = {
			isa = PBXGroup;
			children = (
				47CDCE2F278D88FE0014527D /* Logger.swift */,
			);
			path = Logger;
			sourceTree = "<group>";
		};
		47CDCE33278D88FE0014527D /* CustomFonts */ = {
			isa = PBXGroup;
			children = (
				470E4FE427C7744100F8C815 /* SF-Pro-Display-BoldItalic.otf */,
				471023472796737B00F88876 /* SFProDisplay-Bold.ttf */,
				4710234F2796CA8500F88876 /* SFProText-Bold.ttf */,
				471023482796737B00F88876 /* SFProText-Regular.ttf */,
				471023492796737B00F88876 /* SFProText-Semibold.ttf */,
				224E1CA127983816000C5D1A /* SFProDisplay-LightItalic.ttf */,
				224E1CA327983A65000C5D1A /* SFProDisplay-Light.ttf */,
			);
			path = CustomFonts;
			sourceTree = "<group>";
		};
		47CDCE40278D88FE0014527D /* LocationManager */ = {
			isa = PBXGroup;
			children = (
				47CDCE41278D88FE0014527D /* LocationManager.swift */,
			);
			path = LocationManager;
			sourceTree = "<group>";
		};
		47CDCE5E278D89210014527D /* Helpers */ = {
			isa = PBXGroup;
			children = (
				47CDCE95278D95290014527D /* UserDefaultManager.swift */,
				47CDCE5F278D89210014527D /* Constants.swift */,
				47CDCE61278D89210014527D /* MobileDeviceManager.swift */,
				47CDCE62278D89210014527D /* NetworkManager.swift */,
				47CDCE63278D89210014527D /* Extensions */,
				47CDCE71278D89210014527D /* LogFormatter.swift */,
				47CDCE72278D89210014527D /* GlobalStoryboards.swift */,
				47CDCE73278D89210014527D /* Dispatch.swift */,
				47CDCE76278D89210014527D /* Validators.swift */,
				22AE970C278EDAFB00C0D851 /* StringsContants.swift */,
				4725F21227981BBC00BBDA28 /* NMDatePicker.swift */,
				472F643B279FF46400E37FB1 /* CommonFunction.swift */,
			);
			path = Helpers;
			sourceTree = "<group>";
		};
		47CDCE63278D89210014527D /* Extensions */ = {
			isa = PBXGroup;
			children = (
				47CDCE64278D89210014527D /* UIImageView+Extension.swift */,
				47CDCE65278D89210014527D /* UIColor+Extension.swift */,
				47CDCE66278D89210014527D /* UILabel+Extension.swift */,
				47CDCE67278D89210014527D /* DateTime+Extension.swift */,
				47CDCE68278D89210014527D /* UIButton+Extension.swift */,
				47CDCE69278D89210014527D /* UIView+Extension.swift */,
				47CDCE6A278D89210014527D /* UIAlertController+Extensions.swift */,
				47CDCE6B278D89210014527D /* UIViewController+Extension.swift */,
				47CDCE6C278D89210014527D /* Device+Extension.swift */,
				47CDCE6D278D89210014527D /* String.swift */,
				47CDCE6E278D89210014527D /* UIApplication.swift */,
				47CDCE6F278D89210014527D /* UITableView+Extension.swift */,
				47CDCE70278D89210014527D /* UITextField+Extensions.swift */,
				4725F20B2797EC4F00BBDA28 /* Int+Extension.swift */,
			);
			path = Extensions;
			sourceTree = "<group>";
		};
		47CDCE8E278D89C30014527D /* Services */ = {
			isa = PBXGroup;
			children = (
				47CDCE8F278D89C30014527D /* APIConstants.swift */,
				47CDCE90278D89C30014527D /* APIManager.swift */,
				47CDCE91278D89C30014527D /* APIRouter.swift */,
			);
			path = Services;
			sourceTree = "<group>";
		};
		47CDCE97278DA7C70014527D /* View */ = {
			isa = PBXGroup;
			children = (
				47C1FEEA27958F34007C6F16 /* AddDevice.storyboard */,
				47CDCE17278D872F0014527D /* Main.storyboard */,
				47CDCE9A278DA8570014527D /* Providers.storyboard */,
				47CDCE9C278DA8820014527D /* Permissions.storyboard */,
				47CDCE9E278DA8A00014527D /* DeviceList.storyboard */,
				47CDCEA0278DA8C10014527D /* Profile.storyboard */,
				47CDCE98278DA8040014527D /* UserManagement.storyboard */,
				47CDCE1C278D87300014527D /* LaunchScreen.storyboard */,
			);
			path = View;
			sourceTree = "<group>";
		};
/* End PBXGroup section */

/* Begin PBXNativeTarget section */
		47CDCE0D278D872F0014527D /* OchsnerInhalerApp */ = {
			isa = PBXNativeTarget;
			buildConfigurationList = 47CDCE22278D87300014527D /* Build configuration list for PBXNativeTarget "OchsnerInhalerApp" */;
			buildPhases = (
				7CA4285945F1A0F697C2F639 /* [CP] Check Pods Manifest.lock */,
				2272151827AC2160000ECD2D /* ShellScript */,
				47CDCE0A278D872F0014527D /* Sources */,
				47CDCE0B278D872F0014527D /* Frameworks */,
				47CDCE0C278D872F0014527D /* Resources */,
				88E79555AC8BEA46760FCBC4 /* [CP] Embed Pods Frameworks */,
			);
			buildRules = (
			);
			dependencies = (
			);
			name = OchsnerInhalerApp;
			productName = OchsnerInhalerApp;
			productReference = 47CDCE0E278D872F0014527D /* OchsnerInhalerApp.app */;
			productType = "com.apple.product-type.application";
		};
/* End PBXNativeTarget section */

/* Begin PBXProject section */
		47CDCE06278D872F0014527D /* Project object */ = {
			isa = PBXProject;
			attributes = {
				BuildIndependentTargetsInParallel = 1;
				LastSwiftUpdateCheck = 1320;
				LastUpgradeCheck = 1320;
				TargetAttributes = {
					47CDCE0D278D872F0014527D = {
						CreatedOnToolsVersion = 13.2.1;
					};
				};
			};
			buildConfigurationList = 47CDCE09278D872F0014527D /* Build configuration list for PBXProject "OchsnerInhalerApp" */;
			compatibilityVersion = "Xcode 12.0";
			developmentRegion = en;
			hasScannedForEncodings = 0;
			knownRegions = (
				en,
				Base,
				es,
			);
			mainGroup = 47CDCE05278D872F0014527D;
			productRefGroup = 47CDCE0F278D872F0014527D /* Products */;
			projectDirPath = "";
			projectRoot = "";
			targets = (
				47CDCE0D278D872F0014527D /* OchsnerInhalerApp */,
			);
		};
/* End PBXProject section */

/* Begin PBXResourcesBuildPhase section */
		47CDCE0C278D872F0014527D /* Resources */ = {
			isa = PBXResourcesBuildPhase;
			buildActionMask = 2147483647;
			files = (
				47CDCEA1278DA8C10014527D /* Profile.storyboard in Resources */,
				47CDCE1E278D87300014527D /* LaunchScreen.storyboard in Resources */,
				47CDCE1B278D87300014527D /* Assets.xcassets in Resources */,
				47CDCE9B278DA8570014527D /* Providers.storyboard in Resources */,
				224E1C9E27981AB7000C5D1A /* HomeDeviceCell.xib in Resources */,
				2296C33F27B2621E0095CBFA /* TemoDashboardCell.xib in Resources */,
				47CDCE9F278DA8A00014527D /* DeviceList.storyboard in Resources */,
				22FCEA6227C4AA8700A91A6A /* dashboard_response.json in Resources */,
				4710234C2796737B00F88876 /* SFProText-Semibold.ttf in Resources */,
				22609D792799236700B38CF4 /* HomeGraphCell.xib in Resources */,
				224E1CA427983A66000C5D1A /* SFProDisplay-Light.ttf in Resources */,
				47CDCE99278DA8040014527D /* UserManagement.storyboard in Resources */,
				224E1C992797F53A000C5D1A /* ManageDeviceCell.xib in Resources */,
				224E1CA227983816000C5D1A /* SFProDisplay-LightItalic.ttf in Resources */,
				4710234B2796737B00F88876 /* SFProText-Regular.ttf in Resources */,
				470E4FE527C7744100F8C815 /* SF-Pro-Display-BoldItalic.otf in Resources */,
				47C1FEEB27958F34007C6F16 /* AddDevice.storyboard in Resources */,
				22609D7D279925B200B38CF4 /* GraphCell.xib in Resources */,
				4710234A2796737B00F88876 /* SFProDisplay-Bold.ttf in Resources */,
				2296C33B27B248040095CBFA /* TemporaryDashbord.xib in Resources */,
				47CDCE9D278DA8820014527D /* Permissions.storyboard in Resources */,
				47CDCE19278D872F0014527D /* Main.storyboard in Resources */,
				471023502796CA8500F88876 /* SFProText-Bold.ttf in Resources */,
			);
			runOnlyForDeploymentPostprocessing = 0;
		};
/* End PBXResourcesBuildPhase section */

/* Begin PBXShellScriptBuildPhase section */
		2272151827AC2160000ECD2D /* ShellScript */ = {
			isa = PBXShellScriptBuildPhase;
			buildActionMask = 2147483647;
			files = (
			);
			inputFileListPaths = (
			);
			inputPaths = (
			);
			outputFileListPaths = (
			);
			outputPaths = (
			);
			runOnlyForDeploymentPostprocessing = 0;
			shellPath = /bin/sh;
			shellScript = "# Type a script or drag a script file from your workspace to insert its path.\n\"${PODS_ROOT}/SwiftLint/swiftlint\"\n";
		};
		7CA4285945F1A0F697C2F639 /* [CP] Check Pods Manifest.lock */ = {
			isa = PBXShellScriptBuildPhase;
			buildActionMask = 2147483647;
			files = (
			);
			inputFileListPaths = (
			);
			inputPaths = (
				"${PODS_PODFILE_DIR_PATH}/Podfile.lock",
				"${PODS_ROOT}/Manifest.lock",
			);
			name = "[CP] Check Pods Manifest.lock";
			outputFileListPaths = (
			);
			outputPaths = (
				"$(DERIVED_FILE_DIR)/Pods-OchsnerInhalerApp-checkManifestLockResult.txt",
			);
			runOnlyForDeploymentPostprocessing = 0;
			shellPath = /bin/sh;
			shellScript = "diff \"${PODS_PODFILE_DIR_PATH}/Podfile.lock\" \"${PODS_ROOT}/Manifest.lock\" > /dev/null\nif [ $? != 0 ] ; then\n    # print error to STDERR\n    echo \"error: The sandbox is not in sync with the Podfile.lock. Run 'pod install' or update your CocoaPods installation.\" >&2\n    exit 1\nfi\n# This output is used by Xcode 'outputs' to avoid re-running this script phase.\necho \"SUCCESS\" > \"${SCRIPT_OUTPUT_FILE_0}\"\n";
			showEnvVarsInLog = 0;
		};
		88E79555AC8BEA46760FCBC4 /* [CP] Embed Pods Frameworks */ = {
			isa = PBXShellScriptBuildPhase;
			buildActionMask = 2147483647;
			files = (
			);
			inputFileListPaths = (
				"${PODS_ROOT}/Target Support Files/Pods-OchsnerInhalerApp/Pods-OchsnerInhalerApp-frameworks-${CONFIGURATION}-input-files.xcfilelist",
			);
			name = "[CP] Embed Pods Frameworks";
			outputFileListPaths = (
				"${PODS_ROOT}/Target Support Files/Pods-OchsnerInhalerApp/Pods-OchsnerInhalerApp-frameworks-${CONFIGURATION}-output-files.xcfilelist",
			);
			runOnlyForDeploymentPostprocessing = 0;
			shellPath = /bin/sh;
			shellScript = "\"${PODS_ROOT}/Target Support Files/Pods-OchsnerInhalerApp/Pods-OchsnerInhalerApp-frameworks.sh\"\n";
			showEnvVarsInLog = 0;
		};
/* End PBXShellScriptBuildPhase section */

/* Begin PBXSourcesBuildPhase section */
		47CDCE0A278D872F0014527D /* Sources */ = {
			isa = PBXSourcesBuildPhase;
			buildActionMask = 2147483647;
			files = (
				47CDCE85278D89210014527D /* UIApplication.swift in Sources */,
				227CD4DF27A3EBFF0005C3D9 /* BLEHelper.swift in Sources */,
				22AE96F1278EA37F00C0D851 /* HomeVC.swift in Sources */,
				22AE96F9278EA68900C0D851 /* BluetoothPermissionVC.swift in Sources */,
				2213838727BCB3DE00D4BFA0 /* AcuationLog+CoreDataClass.swift in Sources */,
				2296C33E27B2621E0095CBFA /* TemoDashboardCell.swift in Sources */,
				22AE96ED278E9F8500C0D851 /* BaseVC.swift in Sources */,
				4725F20C2797EC4F00BBDA28 /* Int+Extension.swift in Sources */,
				47CDCE49278D88FE0014527D /* ResultType.swift in Sources */,
				225F315A27D0A1F10059566E /* ReminderManager.swift in Sources */,
				47CDCE8A278D89210014527D /* Dispatch.swift in Sources */,
				22609D782799236700B38CF4 /* HomeGraphCell.swift in Sources */,
				227197CB27902AD80014BC3E /* NotificationPermissionVC.swift in Sources */,
				47E1662827BBB857004A2006 /* DeviceModel.swift in Sources */,
				47CDCE83278D89210014527D /* Device+Extension.swift in Sources */,
				228B155827BFD93900B4527F /* Device+CoreDataClass.swift in Sources */,
				47CDCE92278D89C30014527D /* APIConstants.swift in Sources */,
				47C1FEE327957215007C6F16 /* ProviderVC.swift in Sources */,
				2261AA012796CCE8000D5CE1 /* CancleBluetoothPermissionVC.swift in Sources */,
				2261AA042796F15D000D5CE1 /* PrivacyPolicyVC.swift in Sources */,
				47CDCE4B278D88FE0014527D /* Logger.swift in Sources */,
				47CDCE12278D872F0014527D /* AppDelegate.swift in Sources */,
				4743B7CD27B527950000C3E8 /* OchsnerDB.xcdatamodeld in Sources */,
				227CD4E127A3EC540005C3D9 /* TransferService.swift in Sources */,
				47CDCE7C278D89210014527D /* UIColor+Extension.swift in Sources */,
				47CDCE94278D89C30014527D /* APIRouter.swift in Sources */,
				2257007027A2AE4A009B6415 /* NotificationManager.swift in Sources */,
				224E1C982797F53A000C5D1A /* ManageDeviceCell.swift in Sources */,
				471023532796CFA400F88876 /* MedicationCell.swift in Sources */,
				47CDCE82278D89210014527D /* UIViewController+Extension.swift in Sources */,
				22AE96EA278E9F1E00C0D851 /* LoginVC.swift in Sources */,
				47CDCE14278D872F0014527D /* SceneDelegate.swift in Sources */,
				224E1C9D27981AB7000C5D1A /* HomeDeviceCell.swift in Sources */,
				47CDCE86278D89210014527D /* UITableView+Extension.swift in Sources */,
				22CA52A827C34EF50031BDE7 /* DashboardModel.swift in Sources */,
				47E1662627BBB843004A2006 /* ManageDeviceVM.swift in Sources */,
				4722F4732799148700F505D2 /* ChangePasswordVC.swift in Sources */,
				47CDCE7D278D89210014527D /* UILabel+Extension.swift in Sources */,
				47CDCE93278D89C30014527D /* APIManager.swift in Sources */,
				47C1FEE927958F1A007C6F16 /* AddDeviceIntroVC.swift in Sources */,
				227197C0278FFFA20014BC3E /* ConnectProviderVC.swift in Sources */,
				221B3C1D27CCAADD00A3AFD6 /* ProfileVM.swift in Sources */,
				47CDCE79278D89210014527D /* MobileDeviceManager.swift in Sources */,
				472F643C279FF46400E37FB1 /* CommonFunction.swift in Sources */,
				47CDCE89278D89210014527D /* GlobalStoryboards.swift in Sources */,
				472F643A279FE15400E37FB1 /* CreateAccountVM.swift in Sources */,
				227197C8279024AF0014BC3E /* LocationPermisionVC.swift in Sources */,
				22AE9701278EAA8D00C0D851 /* ProfileVC.swift in Sources */,
				47CDCE96278D95290014527D /* UserDefaultManager.swift in Sources */,
				4728C9DD27A7BED50057F8E5 /* MedicationVM.swift in Sources */,
				22AE96F5278EA5D700C0D851 /* ProviderListVC.swift in Sources */,
				4725F21327981BBC00BBDA28 /* NMDatePicker.swift in Sources */,
				4733205027A8EEC100695661 /* BLECommunication.swift in Sources */,
				47CDCE59278D88FE0014527D /* Utils.swift in Sources */,
				2213838627BCB3DE00D4BFA0 /* AcuationLog+CoreDataProperties.swift in Sources */,
				227197BD278FF9DB0014BC3E /* CreateAccoutVC.swift in Sources */,
				47CDCE7B278D89210014527D /* UIImageView+Extension.swift in Sources */,
				22609D7C279925B200B38CF4 /* GraphCell.swift in Sources */,
				472DC2442795328D008E0060 /* ProviderCell.swift in Sources */,
				22AE96FD278EAA0B00C0D851 /* ManageDeviceVC.swift in Sources */,
				4725F2052797CA4B00BBDA28 /* MedicationDetailVC.swift in Sources */,
				47CDCE7F278D89210014527D /* UIButton+Extension.swift in Sources */,
				4743B7D527B52A480000C3E8 /* DatabaseHelper.swift in Sources */,
				22AE970D278EDAFB00C0D851 /* StringsContants.swift in Sources */,
				47CDCE81278D89210014527D /* UIAlertController+Extensions.swift in Sources */,
				4711F91227AA536E00AD063F /* BLECentralManagerDelegate.swift in Sources */,
				47CDCE84278D89210014527D /* String.swift in Sources */,
				4725F2112798093000BBDA28 /* BLEDeviceCell.swift in Sources */,
				4725F20E2797FE4300BBDA28 /* AddAnotherDeviceVC.swift in Sources */,
				47CDCE87278D89210014527D /* UITextField+Extensions.swift in Sources */,
				22CA52A627C34D9E0031BDE7 /* HomeVM.swift in Sources */,
				47FA0E7427A25AB100F4A7C8 /* LoginVM.swift in Sources */,
				2296C33A27B248040095CBFA /* TemporaryDashbord.swift in Sources */,
				47CDCE80278D89210014527D /* UIView+Extension.swift in Sources */,
				47CDCE8D278D89210014527D /* Validators.swift in Sources */,
				47CDCEA3278DA9470014527D /* UserModel.swift in Sources */,
				47CDCE5A278D88FE0014527D /* LocationManager.swift in Sources */,
				47CDCE7A278D89210014527D /* NetworkManager.swift in Sources */,
				22FC2E0827B76D2700ABE886 /* ProviderModel.swift in Sources */,
				221B3C1F27CCAC4600A3AFD6 /* ProfileModel.swift in Sources */,
				47CDCE88278D89210014527D /* LogFormatter.swift in Sources */,
				228B155727BFD93900B4527F /* Device+CoreDataProperties.swift in Sources */,
				4710234E2796BDBD00F88876 /* MedicationVC.swift in Sources */,
				227197CE27902CAE0014BC3E /* OchsnerCloudPermissionVC.swift in Sources */,
				47CDCE7E278D89210014527D /* DateTime+Extension.swift in Sources */,
				22FC2E0627B767C700ABE886 /* ProviderListVM.swift in Sources */,
				227197BA278FF09A0014BC3E /* CustomSplashVC.swift in Sources */,
				4711F91427AA55E000AD063F /* BLEPeripheralDelegate.swift in Sources */,
				4722F47927994C3E00F505D2 /* UpdateProfileVC.swift in Sources */,
				47CDCE77278D89210014527D /* Constants.swift in Sources */,
				4728C9DF27A7BF5D0057F8E5 /* MedicationModel.swift in Sources */,
				4725F2082797D5CE00BBDA28 /* DoseTimeCell.swift in Sources */,
			);
			runOnlyForDeploymentPostprocessing = 0;
		};
/* End PBXSourcesBuildPhase section */

/* Begin PBXVariantGroup section */
		47CDCE17278D872F0014527D /* Main.storyboard */ = {
			isa = PBXVariantGroup;
			children = (
				47CDCE18278D872F0014527D /* Base */,
			);
			name = Main.storyboard;
			sourceTree = "<group>";
		};
		47CDCE1C278D87300014527D /* LaunchScreen.storyboard */ = {
			isa = PBXVariantGroup;
			children = (
				47CDCE1D278D87300014527D /* Base */,
			);
			name = LaunchScreen.storyboard;
			sourceTree = "<group>";
		};
/* End PBXVariantGroup section */

/* Begin XCBuildConfiguration section */
		47CDCE20278D87300014527D /* Debug */ = {
			isa = XCBuildConfiguration;
			buildSettings = {
				ALWAYS_SEARCH_USER_PATHS = NO;
				CLANG_ANALYZER_NONNULL = YES;
				CLANG_ANALYZER_NUMBER_OBJECT_CONVERSION = YES_AGGRESSIVE;
				CLANG_CXX_LANGUAGE_STANDARD = "gnu++17";
				CLANG_CXX_LIBRARY = "libc++";
				CLANG_ENABLE_MODULES = YES;
				CLANG_ENABLE_OBJC_ARC = YES;
				CLANG_ENABLE_OBJC_WEAK = YES;
				CLANG_WARN_BLOCK_CAPTURE_AUTORELEASING = YES;
				CLANG_WARN_BOOL_CONVERSION = YES;
				CLANG_WARN_COMMA = YES;
				CLANG_WARN_CONSTANT_CONVERSION = YES;
				CLANG_WARN_DEPRECATED_OBJC_IMPLEMENTATIONS = YES;
				CLANG_WARN_DIRECT_OBJC_ISA_USAGE = YES_ERROR;
				CLANG_WARN_DOCUMENTATION_COMMENTS = YES;
				CLANG_WARN_EMPTY_BODY = YES;
				CLANG_WARN_ENUM_CONVERSION = YES;
				CLANG_WARN_INFINITE_RECURSION = YES;
				CLANG_WARN_INT_CONVERSION = YES;
				CLANG_WARN_NON_LITERAL_NULL_CONVERSION = YES;
				CLANG_WARN_OBJC_IMPLICIT_RETAIN_SELF = YES;
				CLANG_WARN_OBJC_LITERAL_CONVERSION = YES;
				CLANG_WARN_OBJC_ROOT_CLASS = YES_ERROR;
				CLANG_WARN_QUOTED_INCLUDE_IN_FRAMEWORK_HEADER = YES;
				CLANG_WARN_RANGE_LOOP_ANALYSIS = YES;
				CLANG_WARN_STRICT_PROTOTYPES = YES;
				CLANG_WARN_SUSPICIOUS_MOVE = YES;
				CLANG_WARN_UNGUARDED_AVAILABILITY = YES_AGGRESSIVE;
				CLANG_WARN_UNREACHABLE_CODE = YES;
				CLANG_WARN__DUPLICATE_METHOD_MATCH = YES;
				COPY_PHASE_STRIP = NO;
				DEBUG_INFORMATION_FORMAT = dwarf;
				ENABLE_STRICT_OBJC_MSGSEND = YES;
				ENABLE_TESTABILITY = YES;
				GCC_C_LANGUAGE_STANDARD = gnu11;
				GCC_DYNAMIC_NO_PIC = NO;
				GCC_NO_COMMON_BLOCKS = YES;
				GCC_OPTIMIZATION_LEVEL = 0;
				GCC_PREPROCESSOR_DEFINITIONS = (
					"DEBUG=1",
					"$(inherited)",
				);
				GCC_WARN_64_TO_32_BIT_CONVERSION = YES;
				GCC_WARN_ABOUT_RETURN_TYPE = YES_ERROR;
				GCC_WARN_UNDECLARED_SELECTOR = YES;
				GCC_WARN_UNINITIALIZED_AUTOS = YES_AGGRESSIVE;
				GCC_WARN_UNUSED_FUNCTION = YES;
				GCC_WARN_UNUSED_VARIABLE = YES;
				IPHONEOS_DEPLOYMENT_TARGET = 14.7;
				MTL_ENABLE_DEBUG_INFO = INCLUDE_SOURCE;
				MTL_FAST_MATH = YES;
				ONLY_ACTIVE_ARCH = YES;
				SDKROOT = iphoneos;
				SWIFT_ACTIVE_COMPILATION_CONDITIONS = DEBUG;
				SWIFT_OPTIMIZATION_LEVEL = "-Onone";
			};
			name = Debug;
		};
		47CDCE21278D87300014527D /* Release */ = {
			isa = XCBuildConfiguration;
			buildSettings = {
				ALWAYS_SEARCH_USER_PATHS = NO;
				CLANG_ANALYZER_NONNULL = YES;
				CLANG_ANALYZER_NUMBER_OBJECT_CONVERSION = YES_AGGRESSIVE;
				CLANG_CXX_LANGUAGE_STANDARD = "gnu++17";
				CLANG_CXX_LIBRARY = "libc++";
				CLANG_ENABLE_MODULES = YES;
				CLANG_ENABLE_OBJC_ARC = YES;
				CLANG_ENABLE_OBJC_WEAK = YES;
				CLANG_WARN_BLOCK_CAPTURE_AUTORELEASING = YES;
				CLANG_WARN_BOOL_CONVERSION = YES;
				CLANG_WARN_COMMA = YES;
				CLANG_WARN_CONSTANT_CONVERSION = YES;
				CLANG_WARN_DEPRECATED_OBJC_IMPLEMENTATIONS = YES;
				CLANG_WARN_DIRECT_OBJC_ISA_USAGE = YES_ERROR;
				CLANG_WARN_DOCUMENTATION_COMMENTS = YES;
				CLANG_WARN_EMPTY_BODY = YES;
				CLANG_WARN_ENUM_CONVERSION = YES;
				CLANG_WARN_INFINITE_RECURSION = YES;
				CLANG_WARN_INT_CONVERSION = YES;
				CLANG_WARN_NON_LITERAL_NULL_CONVERSION = YES;
				CLANG_WARN_OBJC_IMPLICIT_RETAIN_SELF = YES;
				CLANG_WARN_OBJC_LITERAL_CONVERSION = YES;
				CLANG_WARN_OBJC_ROOT_CLASS = YES_ERROR;
				CLANG_WARN_QUOTED_INCLUDE_IN_FRAMEWORK_HEADER = YES;
				CLANG_WARN_RANGE_LOOP_ANALYSIS = YES;
				CLANG_WARN_STRICT_PROTOTYPES = YES;
				CLANG_WARN_SUSPICIOUS_MOVE = YES;
				CLANG_WARN_UNGUARDED_AVAILABILITY = YES_AGGRESSIVE;
				CLANG_WARN_UNREACHABLE_CODE = YES;
				CLANG_WARN__DUPLICATE_METHOD_MATCH = YES;
				COPY_PHASE_STRIP = NO;
				DEBUG_INFORMATION_FORMAT = "dwarf-with-dsym";
				ENABLE_NS_ASSERTIONS = NO;
				ENABLE_STRICT_OBJC_MSGSEND = YES;
				GCC_C_LANGUAGE_STANDARD = gnu11;
				GCC_NO_COMMON_BLOCKS = YES;
				GCC_WARN_64_TO_32_BIT_CONVERSION = YES;
				GCC_WARN_ABOUT_RETURN_TYPE = YES_ERROR;
				GCC_WARN_UNDECLARED_SELECTOR = YES;
				GCC_WARN_UNINITIALIZED_AUTOS = YES_AGGRESSIVE;
				GCC_WARN_UNUSED_FUNCTION = YES;
				GCC_WARN_UNUSED_VARIABLE = YES;
				IPHONEOS_DEPLOYMENT_TARGET = 14.7;
				MTL_ENABLE_DEBUG_INFO = NO;
				MTL_FAST_MATH = YES;
				SDKROOT = iphoneos;
				SWIFT_COMPILATION_MODE = wholemodule;
				SWIFT_OPTIMIZATION_LEVEL = "-O";
				VALIDATE_PRODUCT = YES;
			};
			name = Release;
		};
		47CDCE23278D87300014527D /* Debug */ = {
			isa = XCBuildConfiguration;
			baseConfigurationReference = 212586064C4682A1CC8CF618 /* Pods-OchsnerInhalerApp.debug.xcconfig */;
			buildSettings = {
				ASSETCATALOG_COMPILER_APPICON_NAME = AppIcon;
				ASSETCATALOG_COMPILER_GLOBAL_ACCENT_COLOR_NAME = AccentColor;
				CODE_SIGN_IDENTITY = "iPhone Developer";
				CODE_SIGN_STYLE = Manual;
				CURRENT_PROJECT_VERSION = 1;
				DEVELOPMENT_TEAM = ERXT8P6AQW;
				GENERATE_INFOPLIST_FILE = YES;
				INFOPLIST_FILE = OchsnerInhalerApp/Info.plist;
				INFOPLIST_KEY_CFBundleDisplayName = OchsnerInhalerConnect;
				INFOPLIST_KEY_NSBluetoothAlwaysUsageDescription = "Bluetooth permissions are required to access the Inhaler sensor device.";
				INFOPLIST_KEY_NSBluetoothPeripheralUsageDescription = "Bluetooth permissions are required to access the Inhaler sensor device.";
				INFOPLIST_KEY_NSLocationAlwaysAndWhenInUseUsageDescription = "Need location permission";
				INFOPLIST_KEY_NSLocationAlwaysUsageDescription = "Need location permission";
				INFOPLIST_KEY_NSLocationWhenInUseUsageDescription = "Need location permission";
				INFOPLIST_KEY_UIApplicationSupportsIndirectInputEvents = YES;
				INFOPLIST_KEY_UILaunchStoryboardName = LaunchScreen;
				INFOPLIST_KEY_UIMainStoryboardFile = Main;
				INFOPLIST_KEY_UISupportedInterfaceOrientations = UIInterfaceOrientationPortrait;
				INFOPLIST_KEY_UISupportedInterfaceOrientations_iPad = "UIInterfaceOrientationPortrait UIInterfaceOrientationPortraitUpsideDown UIInterfaceOrientationLandscapeLeft UIInterfaceOrientationLandscapeRight";
				INFOPLIST_KEY_UISupportedInterfaceOrientations_iPhone = "UIInterfaceOrientationPortrait UIInterfaceOrientationLandscapeLeft UIInterfaceOrientationLandscapeRight";
				INFOPLIST_KEY_UIUserInterfaceStyle = Light;
				IPHONEOS_DEPLOYMENT_TARGET = 14.0;
				LD_RUNPATH_SEARCH_PATHS = (
					"$(inherited)",
					"@executable_path/Frameworks",
				);
				MARKETING_VERSION = 0.2.5;
				PRODUCT_BUNDLE_IDENTIFIER = com.ochsner.inhalertrack;
				PRODUCT_NAME = "$(TARGET_NAME)";
				PROVISIONING_PROFILE_SPECIFIER = ochsner_dev_profile;
				SWIFT_EMIT_LOC_STRINGS = YES;
				SWIFT_VERSION = 5.0;
				TARGETED_DEVICE_FAMILY = 1;
			};
			name = Debug;
		};
		47CDCE24278D87300014527D /* Release */ = {
			isa = XCBuildConfiguration;
			baseConfigurationReference = 56B9AD368F85B5FAB8026B58 /* Pods-OchsnerInhalerApp.release.xcconfig */;
			buildSettings = {
				ASSETCATALOG_COMPILER_APPICON_NAME = AppIcon;
				ASSETCATALOG_COMPILER_GLOBAL_ACCENT_COLOR_NAME = AccentColor;
				CODE_SIGN_IDENTITY = "iPhone Distribution";
				CODE_SIGN_STYLE = Manual;
				CURRENT_PROJECT_VERSION = 1;
				DEVELOPMENT_TEAM = ERXT8P6AQW;
				GENERATE_INFOPLIST_FILE = YES;
				INFOPLIST_FILE = OchsnerInhalerApp/Info.plist;
				INFOPLIST_KEY_CFBundleDisplayName = OchsnerInhalerConnect;
				INFOPLIST_KEY_NSBluetoothAlwaysUsageDescription = "Bluetooth permissions are required to access the Inhaler sensor device.";
				INFOPLIST_KEY_NSBluetoothPeripheralUsageDescription = "Bluetooth permissions are required to access the Inhaler sensor device.";
				INFOPLIST_KEY_NSLocationAlwaysAndWhenInUseUsageDescription = "Need location permission";
				INFOPLIST_KEY_NSLocationAlwaysUsageDescription = "Need location permission";
				INFOPLIST_KEY_NSLocationWhenInUseUsageDescription = "Need location permission";
				INFOPLIST_KEY_UIApplicationSupportsIndirectInputEvents = YES;
				INFOPLIST_KEY_UILaunchStoryboardName = LaunchScreen;
				INFOPLIST_KEY_UIMainStoryboardFile = Main;
				INFOPLIST_KEY_UISupportedInterfaceOrientations = UIInterfaceOrientationPortrait;
				INFOPLIST_KEY_UISupportedInterfaceOrientations_iPad = "UIInterfaceOrientationPortrait UIInterfaceOrientationPortraitUpsideDown UIInterfaceOrientationLandscapeLeft UIInterfaceOrientationLandscapeRight";
				INFOPLIST_KEY_UISupportedInterfaceOrientations_iPhone = "UIInterfaceOrientationPortrait UIInterfaceOrientationLandscapeLeft UIInterfaceOrientationLandscapeRight";
				INFOPLIST_KEY_UIUserInterfaceStyle = Light;
				IPHONEOS_DEPLOYMENT_TARGET = 14.0;
				LD_RUNPATH_SEARCH_PATHS = (
					"$(inherited)",
					"@executable_path/Frameworks",
				);
				MARKETING_VERSION = 0.2.5;
				PRODUCT_BUNDLE_IDENTIFIER = com.ochsner.inhalertrack;
				PRODUCT_NAME = "$(TARGET_NAME)";
				PROVISIONING_PROFILE_SPECIFIER = ochsner_adhoc_profile;
				SWIFT_EMIT_LOC_STRINGS = YES;
				SWIFT_VERSION = 5.0;
				TARGETED_DEVICE_FAMILY = 1;
			};
			name = Release;
		};
/* End XCBuildConfiguration section */

/* Begin XCConfigurationList section */
		47CDCE09278D872F0014527D /* Build configuration list for PBXProject "OchsnerInhalerApp" */ = {
			isa = XCConfigurationList;
			buildConfigurations = (
				47CDCE20278D87300014527D /* Debug */,
				47CDCE21278D87300014527D /* Release */,
			);
			defaultConfigurationIsVisible = 0;
			defaultConfigurationName = Release;
		};
		47CDCE22278D87300014527D /* Build configuration list for PBXNativeTarget "OchsnerInhalerApp" */ = {
			isa = XCConfigurationList;
			buildConfigurations = (
				47CDCE23278D87300014527D /* Debug */,
				47CDCE24278D87300014527D /* Release */,
			);
			defaultConfigurationIsVisible = 0;
			defaultConfigurationName = Release;
		};
/* End XCConfigurationList section */

/* Begin XCVersionGroup section */
		4743B7CB27B527950000C3E8 /* OchsnerDB.xcdatamodeld */ = {
			isa = XCVersionGroup;
			children = (
				4743B7CC27B527950000C3E8 /* OchsnerDB.xcdatamodel */,
			);
			currentVersion = 4743B7CC27B527950000C3E8 /* OchsnerDB.xcdatamodel */;
			path = OchsnerDB.xcdatamodeld;
			sourceTree = "<group>";
			versionGroupType = wrapper.xcdatamodel;
		};
/* End XCVersionGroup section */
	};
	rootObject = 47CDCE06278D872F0014527D /* Project object */;
}
